<?xml version="1.0" encoding="UTF-8"?>
<!DOCTYPE plist PUBLIC "-//Apple//DTD PLIST 1.0//EN" "http://www.apple.com/DTDs/PropertyList-1.0.dtd">
<plist version="1.0">
<dict>
	<key>archiveVersion</key>
	<string>1</string>
	<key>classes</key>
	<dict/>
	<key>objectVersion</key>
	<string>46</string>
	<key>objects</key>
	<dict>
		<key>070090EF1B7F356D00D5041C</key>
		<dict>
			<key>children</key>
			<array>
				<string>1EF8271D1BF4A83F00C46CF9</string>
				<string>070090FA1B7F356D00D5041C</string>
				<string>070091101B7F356E00D5041C</string>
				<string>070090F91B7F356D00D5041C</string>
				<string>F0B04C3FA986B79B1EA23A2B</string>
				<string>8DD13C478CD7767A97F21E7D</string>
			</array>
			<key>isa</key>
			<string>PBXGroup</string>
			<key>sourceTree</key>
			<string>&lt;group&gt;</string>
		</dict>
		<key>070090F01B7F356D00D5041C</key>
		<dict>
			<key>attributes</key>
			<dict>
				<key>LastSwiftUpdateCheck</key>
				<string>0700</string>
				<key>LastUpgradeCheck</key>
				<string>0700</string>
				<key>ORGANIZATIONNAME</key>
				<string>oko</string>
				<key>TargetAttributes</key>
				<dict>
					<key>070090F71B7F356D00D5041C</key>
					<dict>
						<key>CreatedOnToolsVersion</key>
						<string>6.4</string>
						<key>DevelopmentTeam</key>
						<string>5ZPVHYYR5Z</string>
					</dict>
					<key>0700910C1B7F356E00D5041C</key>
					<dict>
						<key>CreatedOnToolsVersion</key>
						<string>6.4</string>
						<key>TestTargetID</key>
						<string>070090F71B7F356D00D5041C</string>
					</dict>
				</dict>
			</dict>
			<key>buildConfigurationList</key>
			<string>070090F31B7F356D00D5041C</string>
			<key>compatibilityVersion</key>
			<string>Xcode 3.2</string>
			<key>developmentRegion</key>
			<string>English</string>
			<key>hasScannedForEncodings</key>
			<string>0</string>
			<key>isa</key>
			<string>PBXProject</string>
			<key>knownRegions</key>
			<array>
				<string>en</string>
				<string>Base</string>
			</array>
			<key>mainGroup</key>
			<string>070090EF1B7F356D00D5041C</string>
			<key>productRefGroup</key>
			<string>070090F91B7F356D00D5041C</string>
			<key>projectDirPath</key>
			<string></string>
			<key>projectReferences</key>
			<array/>
			<key>projectRoot</key>
			<string></string>
			<key>targets</key>
			<array>
				<string>070090F71B7F356D00D5041C</string>
				<string>0700910C1B7F356E00D5041C</string>
			</array>
		</dict>
		<key>070090F31B7F356D00D5041C</key>
		<dict>
			<key>buildConfigurations</key>
			<array>
				<string>070091151B7F356E00D5041C</string>
				<string>070091161B7F356E00D5041C</string>
			</array>
			<key>defaultConfigurationIsVisible</key>
			<string>0</string>
			<key>defaultConfigurationName</key>
			<string>Release</string>
			<key>isa</key>
			<string>XCConfigurationList</string>
		</dict>
		<key>070090F41B7F356D00D5041C</key>
		<dict>
			<key>buildActionMask</key>
			<string>2147483647</string>
			<key>files</key>
			<array>
				<string>070091001B7F356D00D5041C</string>
				<string>A4236BB91C95A1F1002C855E</string>
				<string>5E70144B1B9ABCB1004AB4B3</string>
				<string>1EF827241BF5978100C46CF9</string>
				<string>5E3699AD1B91A2DB0003B57E</string>
				<string>1E0662DE1BE33237001BD1F5</string>
				<string>070090FE1B7F356D00D5041C</string>
				<string>1E59B7A71C15D1AE001A7EE4</string>
				<string>A4B1385C1C9FF58400269FED</string>
				<string>A40F9E291C9FB7E400B1AE15</string>
				<string>1E0662DC1BE33203001BD1F5</string>
				<string>5EB9EB4A1B89E92200F3F863</string>
				<string>1EE8BB1A1BC0F3B400F172BC</string>
				<string>1EE8BB1C1BC106EA00F172BC</string>
				<string>5EFC9D041B933E1D00759D56</string>
				<string>1EAAC0091C09CA2F00283B96</string>
			</array>
			<key>isa</key>
			<string>PBXSourcesBuildPhase</string>
			<key>runOnlyForDeploymentPostprocessing</key>
			<string>0</string>
		</dict>
		<key>070090F51B7F356D00D5041C</key>
		<dict>
			<key>buildActionMask</key>
			<string>2147483647</string>
			<key>files</key>
			<array>
				<string>A437F4521CAD8BBB005823FE</string>
				<string>980C906AE1C6E9B285FA454D</string>
			</array>
			<key>isa</key>
			<string>PBXFrameworksBuildPhase</string>
			<key>runOnlyForDeploymentPostprocessing</key>
			<string>0</string>
		</dict>
		<key>070090F61B7F356D00D5041C</key>
		<dict>
			<key>buildActionMask</key>
			<string>2147483647</string>
			<key>files</key>
			<array>
				<string>5EB9EB251B89C32000F3F863</string>
				<string>5EB9EAF81B899BAD00F3F863</string>
				<string>1EF8272D1BF5992500C46CF9</string>
				<string>5EB9EB371B89C32000F3F863</string>
				<string>A437F4481CAD86FE005823FE</string>
				<string>5EB9EAFA1B899BAD00F3F863</string>
				<string>5EB9EB351B89C32000F3F863</string>
				<string>5EB9EB2C1B89C32000F3F863</string>
				<string>A437F4491CAD86FE005823FE</string>
				<string>A437F43A1CAC2862005823FE</string>
				<string>1EDB6A221BDBA47600828CC7</string>
				<string>A437F43D1CAC2862005823FE</string>
				<string>070091201B7F396A00D5041C</string>
				<string>5EB9EB301B89C32000F3F863</string>
				<string>5EB9EB2A1B89C32000F3F863</string>
				<string>5EB9EB271B89C32000F3F863</string>
				<string>5EB9EB331B89C32000F3F863</string>
				<string>5EB9EB261B89C32000F3F863</string>
				<string>1E59B7B81C15D64E001A7EE4</string>
				<string>1E59B7B51C15D64E001A7EE4</string>
				<string>5EB9EB281B89C32000F3F863</string>
				<string>5EB9EB2D1B89C32000F3F863</string>
				<string>A437F44A1CAD86FE005823FE</string>
				<string>A437F43E1CAC2862005823FE</string>
				<string>5EB9EB321B89C32000F3F863</string>
				<string>070091231B7F5D7B00D5041C</string>
				<string>5EB9EB3F1B89D7F900F3F863</string>
				<string>5EB9EB231B89C32000F3F863</string>
				<string>1EE8BB181BB98D3E00F172BC</string>
				<string>5EB9EB2F1B89C32000F3F863</string>
				<string>5EB9EB2B1B89C32000F3F863</string>
				<string>5EB9EB311B89C32000F3F863</string>
				<string>070091031B7F356D00D5041C</string>
				<string>1EDB6A231BDBA47600828CC7</string>
				<string>1EF827321BF5DF8500C46CF9</string>
				<string>5EB9EAFC1B899BAD00F3F863</string>
				<string>1EF8271E1BF4A83F00C46CF9</string>
				<string>1EDB6A251BDBA47600828CC7</string>
				<string>1EF827161BF1BD7A00C46CF9</string>
				<string>A437F43B1CAC2862005823FE</string>
				<string>5EB9EB241B89C32000F3F863</string>
				<string>A437F4471CAD86FE005823FE</string>
				<string>1EF8272C1BF5992500C46CF9</string>
				<string>1E59B7B61C15D64E001A7EE4</string>
				<string>5EB9EB2E1B89C32000F3F863</string>
				<string>A437F4391CAC2862005823FE</string>
				<string>1E0662E01BE7BB07001BD1F5</string>
				<string>A437F4321CA7C377005823FE</string>
				<string>5EB9EAF91B899BAD00F3F863</string>
				<string>5EFD13671B8B7439002E3F7B</string>
				<string>1EDB6A271BDF45CB00828CC7</string>
				<string>5EB9EAFB1B899BAD00F3F863</string>
				<string>5EB9EB031B89AC9500F3F863</string>
				<string>1EF8272F1BF5992500C46CF9</string>
				<string>5EB9EB3B1B89C32000F3F863</string>
				<string>070091081B7F356D00D5041C</string>
				<string>1EF827331BF5DF8500C46CF9</string>
				<string>1EF8272E1BF5992500C46CF9</string>
				<string>1EF8271A1BF1FA5F00C46CF9</string>
				<string>5ECDF5BD1BA58D5D0026B18D</string>
				<string>5EB9EB381B89C32000F3F863</string>
				<string>5EB9EB061B89AC9500F3F863</string>
				<string>1EF827151BF1BA0A00C46CF9</string>
				<string>5EB9EB3A1B89C32000F3F863</string>
				<string>070091051B7F356D00D5041C</string>
				<string>5EB9EB401B89D7F900F3F863</string>
				<string>5EB9EB341B89C32000F3F863</string>
				<string>1E59B7B71C15D64E001A7EE4</string>
				<string>5EB9EB291B89C32000F3F863</string>
				<string>5E5470A01B8880F9002A840E</string>
				<string>5EB9EB361B89C32000F3F863</string>
				<string>5EB9EB051B89AC9500F3F863</string>
				<string>5EB9EB3C1B89C32000F3F863</string>
				<string>A437F43C1CAC2862005823FE</string>
				<string>5EB9EB391B89C32000F3F863</string>
				<string>1EDB6A241BDBA47600828CC7</string>
				<string>1EF8272B1BF5992500C46CF9</string>
				<string>5EB9EB041B89AC9500F3F863</string>
				<string>0760249D1B7F7405006F4C03</string>
				<string>5EB9EB071B89AC9500F3F863</string>
			</array>
			<key>isa</key>
			<string>PBXResourcesBuildPhase</string>
			<key>runOnlyForDeploymentPostprocessing</key>
			<string>0</string>
		</dict>
		<key>070090F71B7F356D00D5041C</key>
		<dict>
			<key>buildConfigurationList</key>
			<string>070091171B7F356E00D5041C</string>
			<key>buildPhases</key>
			<array>
				<string>4E9CD3358367A8D98C44015D</string>
				<string>070090F41B7F356D00D5041C</string>
				<string>070090F51B7F356D00D5041C</string>
				<string>070090F61B7F356D00D5041C</string>
				<string>5E676C201B8CB3EF00113EDE</string>
				<string>118F0B3160809FDABEFE1AF5</string>
				<string>93F304B7E07B116E7E80B3DB</string>
			</array>
			<key>buildRules</key>
			<array/>
			<key>dependencies</key>
			<array/>
			<key>isa</key>
			<string>PBXNativeTarget</string>
			<key>name</key>
			<string>OKO</string>
			<key>productName</key>
			<string>OKO</string>
			<key>productReference</key>
			<string>070090F81B7F356D00D5041C</string>
			<key>productType</key>
			<string>com.apple.product-type.application</string>
		</dict>
		<key>070090F81B7F356D00D5041C</key>
		<dict>
			<key>explicitFileType</key>
			<string>wrapper.application</string>
			<key>includeInIndex</key>
			<string>0</string>
			<key>isa</key>
			<string>PBXFileReference</string>
			<key>path</key>
			<string>OKO.app</string>
			<key>sourceTree</key>
			<string>BUILT_PRODUCTS_DIR</string>
		</dict>
		<key>070090F91B7F356D00D5041C</key>
		<dict>
			<key>children</key>
			<array>
				<string>070090F81B7F356D00D5041C</string>
				<string>0700910D1B7F356E00D5041C</string>
			</array>
			<key>isa</key>
			<string>PBXGroup</string>
			<key>name</key>
			<string>Products</string>
			<key>sourceTree</key>
			<string>&lt;group&gt;</string>
		</dict>
		<key>070090FA1B7F356D00D5041C</key>
		<dict>
			<key>children</key>
			<array>
				<string>1EF827231BF5978100C46CF9</string>
				<string>1E3CB8C21BF1B94400C46E2B</string>
				<string>0700911D1B7F38F600D5041C</string>
				<string>070090FD1B7F356D00D5041C</string>
				<string>070090FF1B7F356D00D5041C</string>
				<string>070091011B7F356D00D5041C</string>
				<string>070091041B7F356D00D5041C</string>
				<string>070091061B7F356D00D5041C</string>
				<string>070090FB1B7F356D00D5041C</string>
				<string>5EB9EB411B89E12100F3F863</string>
				<string>5EB9EB481B89E92200F3F863</string>
				<string>5EB9EB491B89E92200F3F863</string>
				<string>5EFC9D031B933E1D00759D56</string>
				<string>5E3699AC1B91A2DB0003B57E</string>
				<string>5E70144A1B9ABCB1004AB4B3</string>
				<string>1EE8BB191BC0F3B300F172BC</string>
				<string>1EE8BB1B1BC106EA00F172BC</string>
				<string>1E0662DB1BE33203001BD1F5</string>
				<string>1E0662DD1BE33237001BD1F5</string>
				<string>1EAAC0081C09CA2F00283B96</string>
				<string>1E59B7A61C15D1AE001A7EE4</string>
				<string>A4236BB81C95A1F1002C855E</string>
				<string>A40F9E281C9FB7E400B1AE15</string>
				<string>A4B1385B1C9FF58400269FED</string>
			</array>
			<key>isa</key>
			<string>PBXGroup</string>
			<key>path</key>
			<string>OKO</string>
			<key>sourceTree</key>
			<string>&lt;group&gt;</string>
		</dict>
		<key>070090FB1B7F356D00D5041C</key>
		<dict>
			<key>children</key>
			<array>
				<string>070090FC1B7F356D00D5041C</string>
			</array>
			<key>isa</key>
			<string>PBXGroup</string>
			<key>name</key>
			<string>Supporting Files</string>
			<key>sourceTree</key>
			<string>&lt;group&gt;</string>
		</dict>
		<key>070090FC1B7F356D00D5041C</key>
		<dict>
			<key>isa</key>
			<string>PBXFileReference</string>
			<key>lastKnownFileType</key>
			<string>text.plist.xml</string>
			<key>path</key>
			<string>Info.plist</string>
			<key>sourceTree</key>
			<string>&lt;group&gt;</string>
		</dict>
		<key>070090FD1B7F356D00D5041C</key>
		<dict>
			<key>isa</key>
			<string>PBXFileReference</string>
			<key>lastKnownFileType</key>
			<string>sourcecode.swift</string>
			<key>path</key>
			<string>AppDelegate.swift</string>
			<key>sourceTree</key>
			<string>&lt;group&gt;</string>
		</dict>
		<key>070090FE1B7F356D00D5041C</key>
		<dict>
			<key>fileRef</key>
			<string>070090FD1B7F356D00D5041C</string>
			<key>isa</key>
			<string>PBXBuildFile</string>
		</dict>
		<key>070090FF1B7F356D00D5041C</key>
		<dict>
			<key>isa</key>
			<string>PBXFileReference</string>
			<key>lastKnownFileType</key>
			<string>sourcecode.swift</string>
			<key>path</key>
			<string>ViewController.swift</string>
			<key>sourceTree</key>
			<string>&lt;group&gt;</string>
		</dict>
		<key>070091001B7F356D00D5041C</key>
		<dict>
			<key>fileRef</key>
			<string>070090FF1B7F356D00D5041C</string>
			<key>isa</key>
			<string>PBXBuildFile</string>
		</dict>
		<key>070091011B7F356D00D5041C</key>
		<dict>
			<key>children</key>
			<array>
				<string>070091021B7F356D00D5041C</string>
			</array>
			<key>isa</key>
			<string>PBXVariantGroup</string>
			<key>name</key>
			<string>Main.storyboard</string>
			<key>sourceTree</key>
			<string>&lt;group&gt;</string>
		</dict>
		<key>070091021B7F356D00D5041C</key>
		<dict>
			<key>isa</key>
			<string>PBXFileReference</string>
			<key>lastKnownFileType</key>
			<string>file.storyboard</string>
			<key>name</key>
			<string>Base</string>
			<key>path</key>
			<string>Base.lproj/Main.storyboard</string>
			<key>sourceTree</key>
			<string>&lt;group&gt;</string>
		</dict>
		<key>070091031B7F356D00D5041C</key>
		<dict>
			<key>fileRef</key>
			<string>070091011B7F356D00D5041C</string>
			<key>isa</key>
			<string>PBXBuildFile</string>
		</dict>
		<key>070091041B7F356D00D5041C</key>
		<dict>
			<key>isa</key>
			<string>PBXFileReference</string>
			<key>lastKnownFileType</key>
			<string>folder.assetcatalog</string>
			<key>path</key>
			<string>Images.xcassets</string>
			<key>sourceTree</key>
			<string>&lt;group&gt;</string>
		</dict>
		<key>070091051B7F356D00D5041C</key>
		<dict>
			<key>fileRef</key>
			<string>070091041B7F356D00D5041C</string>
			<key>isa</key>
			<string>PBXBuildFile</string>
		</dict>
		<key>070091061B7F356D00D5041C</key>
		<dict>
			<key>children</key>
			<array>
				<string>070091071B7F356D00D5041C</string>
			</array>
			<key>isa</key>
			<string>PBXVariantGroup</string>
			<key>name</key>
			<string>LaunchScreen.xib</string>
			<key>sourceTree</key>
			<string>&lt;group&gt;</string>
		</dict>
		<key>070091071B7F356D00D5041C</key>
		<dict>
			<key>isa</key>
			<string>PBXFileReference</string>
			<key>lastKnownFileType</key>
			<string>file.xib</string>
			<key>name</key>
			<string>Base</string>
			<key>path</key>
			<string>Base.lproj/LaunchScreen.xib</string>
			<key>sourceTree</key>
			<string>&lt;group&gt;</string>
		</dict>
		<key>070091081B7F356D00D5041C</key>
		<dict>
			<key>fileRef</key>
			<string>070091061B7F356D00D5041C</string>
			<key>isa</key>
			<string>PBXBuildFile</string>
		</dict>
		<key>070091091B7F356E00D5041C</key>
		<dict>
			<key>buildActionMask</key>
			<string>2147483647</string>
			<key>files</key>
			<array>
				<string>070091141B7F356E00D5041C</string>
			</array>
			<key>isa</key>
			<string>PBXSourcesBuildPhase</string>
			<key>runOnlyForDeploymentPostprocessing</key>
			<string>0</string>
		</dict>
		<key>0700910A1B7F356E00D5041C</key>
		<dict>
			<key>buildActionMask</key>
			<string>2147483647</string>
			<key>files</key>
			<array/>
			<key>isa</key>
			<string>PBXFrameworksBuildPhase</string>
			<key>runOnlyForDeploymentPostprocessing</key>
			<string>0</string>
		</dict>
		<key>0700910B1B7F356E00D5041C</key>
		<dict>
			<key>buildActionMask</key>
			<string>2147483647</string>
			<key>files</key>
			<array/>
			<key>isa</key>
			<string>PBXResourcesBuildPhase</string>
			<key>runOnlyForDeploymentPostprocessing</key>
			<string>0</string>
		</dict>
		<key>0700910C1B7F356E00D5041C</key>
		<dict>
			<key>buildConfigurationList</key>
			<string>0700911A1B7F356E00D5041C</string>
			<key>buildPhases</key>
			<array>
				<string>070091091B7F356E00D5041C</string>
				<string>0700910A1B7F356E00D5041C</string>
				<string>0700910B1B7F356E00D5041C</string>
			</array>
			<key>buildRules</key>
			<array/>
			<key>dependencies</key>
			<array>
				<string>0700910F1B7F356E00D5041C</string>
			</array>
			<key>isa</key>
			<string>PBXNativeTarget</string>
			<key>name</key>
			<string>OKOTests</string>
			<key>productName</key>
			<string>OKOTests</string>
			<key>productReference</key>
			<string>0700910D1B7F356E00D5041C</string>
			<key>productType</key>
			<string>com.apple.product-type.bundle.unit-test</string>
		</dict>
		<key>0700910D1B7F356E00D5041C</key>
		<dict>
			<key>explicitFileType</key>
			<string>wrapper.cfbundle</string>
			<key>includeInIndex</key>
			<string>0</string>
			<key>isa</key>
			<string>PBXFileReference</string>
			<key>path</key>
			<string>OKOTests.xctest</string>
			<key>sourceTree</key>
			<string>BUILT_PRODUCTS_DIR</string>
		</dict>
		<key>0700910E1B7F356E00D5041C</key>
		<dict>
			<key>containerPortal</key>
			<string>070090F01B7F356D00D5041C</string>
			<key>isa</key>
			<string>PBXContainerItemProxy</string>
			<key>proxyType</key>
			<string>1</string>
			<key>remoteGlobalIDString</key>
			<string>070090F71B7F356D00D5041C</string>
			<key>remoteInfo</key>
			<string>OKO</string>
		</dict>
		<key>0700910F1B7F356E00D5041C</key>
		<dict>
			<key>isa</key>
			<string>PBXTargetDependency</string>
			<key>target</key>
			<string>070090F71B7F356D00D5041C</string>
			<key>targetProxy</key>
			<string>0700910E1B7F356E00D5041C</string>
		</dict>
		<key>070091101B7F356E00D5041C</key>
		<dict>
			<key>children</key>
			<array>
				<string>070091131B7F356E00D5041C</string>
				<string>070091111B7F356E00D5041C</string>
			</array>
			<key>isa</key>
			<string>PBXGroup</string>
			<key>path</key>
			<string>OKOTests</string>
			<key>sourceTree</key>
			<string>&lt;group&gt;</string>
		</dict>
		<key>070091111B7F356E00D5041C</key>
		<dict>
			<key>children</key>
			<array>
				<string>070091121B7F356E00D5041C</string>
			</array>
			<key>isa</key>
			<string>PBXGroup</string>
			<key>name</key>
			<string>Supporting Files</string>
			<key>sourceTree</key>
			<string>&lt;group&gt;</string>
		</dict>
		<key>070091121B7F356E00D5041C</key>
		<dict>
			<key>isa</key>
			<string>PBXFileReference</string>
			<key>lastKnownFileType</key>
			<string>text.plist.xml</string>
			<key>path</key>
			<string>Info.plist</string>
			<key>sourceTree</key>
			<string>&lt;group&gt;</string>
		</dict>
		<key>070091131B7F356E00D5041C</key>
		<dict>
			<key>isa</key>
			<string>PBXFileReference</string>
			<key>lastKnownFileType</key>
			<string>sourcecode.swift</string>
			<key>path</key>
			<string>OKOTests.swift</string>
			<key>sourceTree</key>
			<string>&lt;group&gt;</string>
		</dict>
		<key>070091141B7F356E00D5041C</key>
		<dict>
			<key>fileRef</key>
			<string>070091131B7F356E00D5041C</string>
			<key>isa</key>
			<string>PBXBuildFile</string>
		</dict>
		<key>070091151B7F356E00D5041C</key>
		<dict>
			<key>buildSettings</key>
			<dict>
				<key>ALWAYS_SEARCH_USER_PATHS</key>
				<string>NO</string>
				<key>CLANG_CXX_LANGUAGE_STANDARD</key>
				<string>gnu++0x</string>
				<key>CLANG_CXX_LIBRARY</key>
				<string>libc++</string>
				<key>CLANG_ENABLE_MODULES</key>
				<string>YES</string>
				<key>CLANG_ENABLE_OBJC_ARC</key>
				<string>YES</string>
				<key>CLANG_WARN_BOOL_CONVERSION</key>
				<string>YES</string>
				<key>CLANG_WARN_CONSTANT_CONVERSION</key>
				<string>YES</string>
				<key>CLANG_WARN_DIRECT_OBJC_ISA_USAGE</key>
				<string>YES_ERROR</string>
				<key>CLANG_WARN_EMPTY_BODY</key>
				<string>YES</string>
				<key>CLANG_WARN_ENUM_CONVERSION</key>
				<string>YES</string>
				<key>CLANG_WARN_INT_CONVERSION</key>
				<string>YES</string>
				<key>CLANG_WARN_OBJC_ROOT_CLASS</key>
				<string>YES_ERROR</string>
				<key>CLANG_WARN_UNREACHABLE_CODE</key>
				<string>YES</string>
				<key>CLANG_WARN__DUPLICATE_METHOD_MATCH</key>
				<string>YES</string>
				<key>CODE_SIGN_IDENTITY[sdk=iphoneos*]</key>
				<string>iPhone Developer</string>
				<key>COPY_PHASE_STRIP</key>
				<string>NO</string>
				<key>DEBUG_INFORMATION_FORMAT</key>
				<string>dwarf-with-dsym</string>
				<key>ENABLE_STRICT_OBJC_MSGSEND</key>
				<string>YES</string>
				<key>ENABLE_TESTABILITY</key>
				<string>YES</string>
				<key>GCC_C_LANGUAGE_STANDARD</key>
				<string>gnu99</string>
				<key>GCC_DYNAMIC_NO_PIC</key>
				<string>NO</string>
				<key>GCC_NO_COMMON_BLOCKS</key>
				<string>YES</string>
				<key>GCC_OPTIMIZATION_LEVEL</key>
				<string>0</string>
				<key>GCC_PREPROCESSOR_DEFINITIONS</key>
				<array>
					<string>DEBUG=1</string>
					<string>$(inherited)</string>
				</array>
				<key>GCC_SYMBOLS_PRIVATE_EXTERN</key>
				<string>NO</string>
				<key>GCC_WARN_64_TO_32_BIT_CONVERSION</key>
				<string>YES</string>
				<key>GCC_WARN_ABOUT_RETURN_TYPE</key>
				<string>YES_ERROR</string>
				<key>GCC_WARN_UNDECLARED_SELECTOR</key>
				<string>YES</string>
				<key>GCC_WARN_UNINITIALIZED_AUTOS</key>
				<string>YES_AGGRESSIVE</string>
				<key>GCC_WARN_UNUSED_FUNCTION</key>
				<string>YES</string>
				<key>GCC_WARN_UNUSED_VARIABLE</key>
				<string>YES</string>
				<key>IPHONEOS_DEPLOYMENT_TARGET</key>
				<string>8.4</string>
				<key>MTL_ENABLE_DEBUG_INFO</key>
				<string>YES</string>
				<key>ONLY_ACTIVE_ARCH</key>
				<string>YES</string>
				<key>SDKROOT</key>
				<string>iphoneos</string>
				<key>SWIFT_OPTIMIZATION_LEVEL</key>
				<string>-Onone</string>
			</dict>
			<key>isa</key>
			<string>XCBuildConfiguration</string>
			<key>name</key>
			<string>Debug</string>
		</dict>
		<key>070091161B7F356E00D5041C</key>
		<dict>
			<key>buildSettings</key>
			<dict>
				<key>ALWAYS_SEARCH_USER_PATHS</key>
				<string>NO</string>
				<key>CLANG_CXX_LANGUAGE_STANDARD</key>
				<string>gnu++0x</string>
				<key>CLANG_CXX_LIBRARY</key>
				<string>libc++</string>
				<key>CLANG_ENABLE_MODULES</key>
				<string>YES</string>
				<key>CLANG_ENABLE_OBJC_ARC</key>
				<string>YES</string>
				<key>CLANG_WARN_BOOL_CONVERSION</key>
				<string>YES</string>
				<key>CLANG_WARN_CONSTANT_CONVERSION</key>
				<string>YES</string>
				<key>CLANG_WARN_DIRECT_OBJC_ISA_USAGE</key>
				<string>YES_ERROR</string>
				<key>CLANG_WARN_EMPTY_BODY</key>
				<string>YES</string>
				<key>CLANG_WARN_ENUM_CONVERSION</key>
				<string>YES</string>
				<key>CLANG_WARN_INT_CONVERSION</key>
				<string>YES</string>
				<key>CLANG_WARN_OBJC_ROOT_CLASS</key>
				<string>YES_ERROR</string>
				<key>CLANG_WARN_UNREACHABLE_CODE</key>
				<string>YES</string>
				<key>CLANG_WARN__DUPLICATE_METHOD_MATCH</key>
				<string>YES</string>
				<key>CODE_SIGN_IDENTITY[sdk=iphoneos*]</key>
				<string>iPhone Developer</string>
				<key>COPY_PHASE_STRIP</key>
				<string>NO</string>
				<key>DEBUG_INFORMATION_FORMAT</key>
				<string>dwarf-with-dsym</string>
				<key>ENABLE_NS_ASSERTIONS</key>
				<string>NO</string>
				<key>ENABLE_STRICT_OBJC_MSGSEND</key>
				<string>YES</string>
				<key>GCC_C_LANGUAGE_STANDARD</key>
				<string>gnu99</string>
				<key>GCC_NO_COMMON_BLOCKS</key>
				<string>YES</string>
				<key>GCC_WARN_64_TO_32_BIT_CONVERSION</key>
				<string>YES</string>
				<key>GCC_WARN_ABOUT_RETURN_TYPE</key>
				<string>YES_ERROR</string>
				<key>GCC_WARN_UNDECLARED_SELECTOR</key>
				<string>YES</string>
				<key>GCC_WARN_UNINITIALIZED_AUTOS</key>
				<string>YES_AGGRESSIVE</string>
				<key>GCC_WARN_UNUSED_FUNCTION</key>
				<string>YES</string>
				<key>GCC_WARN_UNUSED_VARIABLE</key>
				<string>YES</string>
				<key>IPHONEOS_DEPLOYMENT_TARGET</key>
				<string>8.4</string>
				<key>MTL_ENABLE_DEBUG_INFO</key>
				<string>NO</string>
				<key>SDKROOT</key>
				<string>iphoneos</string>
				<key>VALIDATE_PRODUCT</key>
				<string>YES</string>
			</dict>
			<key>isa</key>
			<string>XCBuildConfiguration</string>
			<key>name</key>
			<string>Release</string>
		</dict>
		<key>070091171B7F356E00D5041C</key>
		<dict>
			<key>buildConfigurations</key>
			<array>
				<string>070091181B7F356E00D5041C</string>
				<string>070091191B7F356E00D5041C</string>
			</array>
			<key>defaultConfigurationIsVisible</key>
			<string>0</string>
			<key>defaultConfigurationName</key>
			<string>Release</string>
			<key>isa</key>
			<string>XCConfigurationList</string>
		</dict>
		<key>070091181B7F356E00D5041C</key>
		<dict>
			<key>baseConfigurationReference</key>
			<string>2DFAA71DC7E756D51876291A</string>
			<key>buildSettings</key>
			<dict>
				<key>ASSETCATALOG_COMPILER_APPICON_NAME</key>
				<string>AppIcon</string>
				<key>CLANG_ENABLE_MODULES</key>
				<string>YES</string>
				<key>CODE_SIGN_IDENTITY</key>
				<string>iPhone Developer</string>
				<key>CODE_SIGN_IDENTITY[sdk=iphoneos*]</key>
				<string>iPhone Developer</string>
				<key>INFOPLIST_FILE</key>
				<string>OKO/Info.plist</string>
				<key>LD_RUNPATH_SEARCH_PATHS</key>
				<string>$(inherited) @executable_path/Frameworks</string>
				<key>PRODUCT_BUNDLE_IDENTIFIER</key>
				<string>kz.oko.$(PRODUCT_NAME:rfc1034identifier)</string>
				<key>PRODUCT_NAME</key>
				<string>$(TARGET_NAME)</string>
				<key>PROVISIONING_PROFILE</key>
				<string></string>
				<key>SWIFT_OBJC_BRIDGING_HEADER</key>
				<string>OKO/OKO-Bridging-Header.h</string>
				<key>SWIFT_OPTIMIZATION_LEVEL</key>
				<string>-Onone</string>
			</dict>
			<key>isa</key>
			<string>XCBuildConfiguration</string>
			<key>name</key>
			<string>Debug</string>
		</dict>
		<key>070091191B7F356E00D5041C</key>
		<dict>
			<key>baseConfigurationReference</key>
			<string>A466AAC8CA678BA52C23C6BD</string>
			<key>buildSettings</key>
			<dict>
				<key>ASSETCATALOG_COMPILER_APPICON_NAME</key>
				<string>AppIcon</string>
				<key>CLANG_ENABLE_MODULES</key>
				<string>YES</string>
				<key>CODE_SIGN_IDENTITY</key>
				<string>iPhone Developer</string>
				<key>CODE_SIGN_IDENTITY[sdk=iphoneos*]</key>
				<string>iPhone Developer</string>
				<key>INFOPLIST_FILE</key>
				<string>OKO/Info.plist</string>
				<key>LD_RUNPATH_SEARCH_PATHS</key>
				<string>$(inherited) @executable_path/Frameworks</string>
				<key>PRODUCT_BUNDLE_IDENTIFIER</key>
				<string>kz.oko.$(PRODUCT_NAME:rfc1034identifier)</string>
				<key>PRODUCT_NAME</key>
				<string>$(TARGET_NAME)</string>
				<key>PROVISIONING_PROFILE</key>
				<string></string>
				<key>SWIFT_OBJC_BRIDGING_HEADER</key>
				<string>OKO/OKO-Bridging-Header.h</string>
			</dict>
			<key>isa</key>
			<string>XCBuildConfiguration</string>
			<key>name</key>
			<string>Release</string>
		</dict>
		<key>0700911A1B7F356E00D5041C</key>
		<dict>
			<key>buildConfigurations</key>
			<array>
				<string>0700911B1B7F356E00D5041C</string>
				<string>0700911C1B7F356E00D5041C</string>
			</array>
			<key>defaultConfigurationIsVisible</key>
			<string>0</string>
			<key>defaultConfigurationName</key>
			<string>Release</string>
			<key>isa</key>
			<string>XCConfigurationList</string>
		</dict>
		<key>0700911B1B7F356E00D5041C</key>
		<dict>
			<key>buildSettings</key>
			<dict>
				<key>BUNDLE_LOADER</key>
				<string>$(TEST_HOST)</string>
				<key>FRAMEWORK_SEARCH_PATHS</key>
				<array>
					<string>$(SDKROOT)/Developer/Library/Frameworks</string>
					<string>$(inherited)</string>
				</array>
				<key>GCC_PREPROCESSOR_DEFINITIONS</key>
				<array>
					<string>DEBUG=1</string>
					<string>$(inherited)</string>
				</array>
				<key>INFOPLIST_FILE</key>
				<string>OKOTests/Info.plist</string>
				<key>LD_RUNPATH_SEARCH_PATHS</key>
				<string>$(inherited) @executable_path/Frameworks @loader_path/Frameworks</string>
				<key>PRODUCT_BUNDLE_IDENTIFIER</key>
				<string>kz.oko.$(PRODUCT_NAME:rfc1034identifier)</string>
				<key>PRODUCT_NAME</key>
				<string>$(TARGET_NAME)</string>
				<key>TEST_HOST</key>
				<string>$(BUILT_PRODUCTS_DIR)/OKO.app/OKO</string>
			</dict>
			<key>isa</key>
			<string>XCBuildConfiguration</string>
			<key>name</key>
			<string>Debug</string>
		</dict>
		<key>0700911C1B7F356E00D5041C</key>
		<dict>
			<key>buildSettings</key>
			<dict>
				<key>BUNDLE_LOADER</key>
				<string>$(TEST_HOST)</string>
				<key>FRAMEWORK_SEARCH_PATHS</key>
				<array>
					<string>$(SDKROOT)/Developer/Library/Frameworks</string>
					<string>$(inherited)</string>
				</array>
				<key>INFOPLIST_FILE</key>
				<string>OKOTests/Info.plist</string>
				<key>LD_RUNPATH_SEARCH_PATHS</key>
				<string>$(inherited) @executable_path/Frameworks @loader_path/Frameworks</string>
				<key>PRODUCT_BUNDLE_IDENTIFIER</key>
				<string>kz.oko.$(PRODUCT_NAME:rfc1034identifier)</string>
				<key>PRODUCT_NAME</key>
				<string>$(TARGET_NAME)</string>
				<key>TEST_HOST</key>
				<string>$(BUILT_PRODUCTS_DIR)/OKO.app/OKO</string>
			</dict>
			<key>isa</key>
			<string>XCBuildConfiguration</string>
			<key>name</key>
			<string>Release</string>
		</dict>
		<key>0700911D1B7F38F600D5041C</key>
		<dict>
			<key>children</key>
			<array>
				<string>1E59B7A81C15D611001A7EE4</string>
				<string>1EF827251BF5990B00C46CF9</string>
				<string>5EB9EB081B89C30F00F3F863</string>
				<string>5EB9EAFD1B89AC8100F3F863</string>
				<string>070091211B7F5D5900D5041C</string>
				<string>0700911E1B7F38FC00D5041C</string>
			</array>
			<key>isa</key>
			<string>PBXGroup</string>
			<key>path</key>
			<string>images</string>
			<key>sourceTree</key>
			<string>&lt;group&gt;</string>
		</dict>
		<key>0700911E1B7F38FC00D5041C</key>
		<dict>
			<key>children</key>
			<array>
				<string>0700911F1B7F396A00D5041C</string>
			</array>
			<key>isa</key>
			<string>PBXGroup</string>
			<key>name</key>
			<string>splash</string>
			<key>path</key>
			<string>images/splash</string>
			<key>sourceTree</key>
			<string>&lt;group&gt;</string>
		</dict>
		<key>0700911F1B7F396A00D5041C</key>
		<dict>
			<key>isa</key>
			<string>PBXFileReference</string>
			<key>lastKnownFileType</key>
			<string>image.jpeg</string>
			<key>name</key>
			<string>splash.jpg</string>
			<key>path</key>
			<string>OKO/images/splash/splash.jpg</string>
			<key>sourceTree</key>
			<string>SOURCE_ROOT</string>
		</dict>
		<key>070091201B7F396A00D5041C</key>
		<dict>
			<key>fileRef</key>
			<string>0700911F1B7F396A00D5041C</string>
			<key>isa</key>
			<string>PBXBuildFile</string>
		</dict>
		<key>070091211B7F5D5900D5041C</key>
		<dict>
			<key>children</key>
			<array>
				<string>A437F4331CAC2862005823FE</string>
				<string>A437F4341CAC2862005823FE</string>
				<string>A437F4351CAC2862005823FE</string>
				<string>A437F4361CAC2862005823FE</string>
				<string>A437F4371CAC2862005823FE</string>
				<string>A437F4381CAC2862005823FE</string>
				<string>1EF827301BF5DF8500C46CF9</string>
				<string>1EF827311BF5DF8500C46CF9</string>
				<string>1E0662DF1BE7BB07001BD1F5</string>
				<string>1EDB6A261BDF45CB00828CC7</string>
				<string>1EDB6A1E1BDBA47600828CC7</string>
				<string>1EDB6A1F1BDBA47600828CC7</string>
				<string>1EDB6A201BDBA47600828CC7</string>
				<string>1EDB6A211BDBA47600828CC7</string>
				<string>1EE8BB171BB98D3E00F172BC</string>
				<string>5EB9EB3D1B89D7F900F3F863</string>
				<string>5EB9EB3E1B89D7F900F3F863</string>
				<string>5EB9EAF31B899BAD00F3F863</string>
				<string>5EB9EAF41B899BAD00F3F863</string>
				<string>5EB9EAF51B899BAD00F3F863</string>
				<string>5EB9EAF61B899BAD00F3F863</string>
				<string>5EB9EAF71B899BAD00F3F863</string>
				<string>5E54709F1B8880F9002A840E</string>
				<string>0760249C1B7F7405006F4C03</string>
				<string>070091221B7F5D7B00D5041C</string>
			</array>
			<key>isa</key>
			<string>PBXGroup</string>
			<key>path</key>
			<string>menu buttons</string>
			<key>sourceTree</key>
			<string>&lt;group&gt;</string>
		</dict>
		<key>070091221B7F5D7B00D5041C</key>
		<dict>
			<key>isa</key>
			<string>PBXFileReference</string>
			<key>lastKnownFileType</key>
			<string>image.png</string>
			<key>path</key>
			<string>menu-button.png</string>
			<key>sourceTree</key>
			<string>&lt;group&gt;</string>
		</dict>
		<key>070091231B7F5D7B00D5041C</key>
		<dict>
			<key>fileRef</key>
			<string>070091221B7F5D7B00D5041C</string>
			<key>isa</key>
			<string>PBXBuildFile</string>
		</dict>
		<key>0760249C1B7F7405006F4C03</key>
		<dict>
			<key>isa</key>
			<string>PBXFileReference</string>
			<key>lastKnownFileType</key>
			<string>image.png</string>
			<key>path</key>
			<string>top-bar-background.png</string>
			<key>sourceTree</key>
			<string>&lt;group&gt;</string>
		</dict>
		<key>0760249D1B7F7405006F4C03</key>
		<dict>
			<key>fileRef</key>
			<string>0760249C1B7F7405006F4C03</string>
			<key>isa</key>
			<string>PBXBuildFile</string>
		</dict>
		<key>118F0B3160809FDABEFE1AF5</key>
		<dict>
			<key>buildActionMask</key>
			<string>2147483647</string>
			<key>files</key>
			<array/>
			<key>inputPaths</key>
			<array/>
			<key>isa</key>
			<string>PBXShellScriptBuildPhase</string>
			<key>name</key>
			<string>Embed Pods Frameworks</string>
			<key>outputPaths</key>
			<array/>
			<key>runOnlyForDeploymentPostprocessing</key>
			<string>0</string>
			<key>shellPath</key>
			<string>/bin/sh</string>
			<key>shellScript</key>
			<string>"${SRCROOT}/Pods/Target Support Files/Pods-OKO/Pods-OKO-frameworks.sh"
</string>
			<key>showEnvVarsInLog</key>
			<string>0</string>
		</dict>
		<key>1E0662DB1BE33203001BD1F5</key>
		<dict>
			<key>fileEncoding</key>
			<string>4</string>
			<key>isa</key>
			<string>PBXFileReference</string>
			<key>lastKnownFileType</key>
			<string>sourcecode.swift</string>
			<key>path</key>
			<string>AddLocationViewController.swift</string>
			<key>sourceTree</key>
			<string>&lt;group&gt;</string>
		</dict>
		<key>1E0662DC1BE33203001BD1F5</key>
		<dict>
			<key>fileRef</key>
			<string>1E0662DB1BE33203001BD1F5</string>
			<key>isa</key>
			<string>PBXBuildFile</string>
		</dict>
		<key>1E0662DD1BE33237001BD1F5</key>
		<dict>
			<key>fileEncoding</key>
			<string>4</string>
			<key>isa</key>
			<string>PBXFileReference</string>
			<key>lastKnownFileType</key>
			<string>sourcecode.swift</string>
			<key>path</key>
			<string>LocaionTypeTableViewController.swift</string>
			<key>sourceTree</key>
			<string>&lt;group&gt;</string>
		</dict>
		<key>1E0662DE1BE33237001BD1F5</key>
		<dict>
			<key>fileRef</key>
			<string>1E0662DD1BE33237001BD1F5</string>
			<key>isa</key>
			<string>PBXBuildFile</string>
		</dict>
		<key>1E0662DF1BE7BB07001BD1F5</key>
		<dict>
			<key>isa</key>
			<string>PBXFileReference</string>
			<key>lastKnownFileType</key>
			<string>image.png</string>
			<key>path</key>
			<string>edit.png</string>
			<key>sourceTree</key>
			<string>&lt;group&gt;</string>
		</dict>
		<key>1E0662E01BE7BB07001BD1F5</key>
		<dict>
			<key>fileRef</key>
			<string>1E0662DF1BE7BB07001BD1F5</string>
			<key>isa</key>
			<string>PBXBuildFile</string>
		</dict>
		<key>1E3CB8C21BF1B94400C46E2B</key>
		<dict>
			<key>children</key>
			<array>
				<string>1EF827121BF1BA0A00C46CF9</string>
				<string>1EF827131BF1BA0A00C46CF9</string>
			</array>
			<key>isa</key>
			<string>PBXGroup</string>
			<key>path</key>
			<string>sounds</string>
			<key>sourceTree</key>
			<string>&lt;group&gt;</string>
		</dict>
		<key>1E59B7A61C15D1AE001A7EE4</key>
		<dict>
			<key>fileEncoding</key>
			<string>4</string>
			<key>isa</key>
			<string>PBXFileReference</string>
			<key>lastKnownFileType</key>
			<string>sourcecode.swift</string>
			<key>path</key>
			<string>TutorialViewController.swift</string>
			<key>sourceTree</key>
			<string>&lt;group&gt;</string>
		</dict>
		<key>1E59B7A71C15D1AE001A7EE4</key>
		<dict>
			<key>fileRef</key>
			<string>1E59B7A61C15D1AE001A7EE4</string>
			<key>isa</key>
			<string>PBXBuildFile</string>
		</dict>
		<key>1E59B7A81C15D611001A7EE4</key>
		<dict>
			<key>children</key>
			<array>
				<string>A437F4421CAD86E4005823FE</string>
				<string>1E59B7B11C15D64E001A7EE4</string>
				<string>1E59B7B21C15D64E001A7EE4</string>
				<string>1E59B7B31C15D64E001A7EE4</string>
				<string>1E59B7B41C15D64E001A7EE4</string>
			</array>
			<key>isa</key>
			<string>PBXGroup</string>
			<key>path</key>
			<string>tutorial images</string>
			<key>sourceTree</key>
			<string>&lt;group&gt;</string>
		</dict>
		<key>1E59B7B11C15D64E001A7EE4</key>
		<dict>
			<key>isa</key>
			<string>PBXFileReference</string>
			<key>lastKnownFileType</key>
			<string>image.png</string>
			<key>path</key>
			<string>page1.png</string>
			<key>sourceTree</key>
			<string>&lt;group&gt;</string>
		</dict>
		<key>1E59B7B21C15D64E001A7EE4</key>
		<dict>
			<key>isa</key>
			<string>PBXFileReference</string>
			<key>lastKnownFileType</key>
			<string>image.png</string>
			<key>path</key>
			<string>page2.png</string>
			<key>sourceTree</key>
			<string>&lt;group&gt;</string>
		</dict>
		<key>1E59B7B31C15D64E001A7EE4</key>
		<dict>
			<key>isa</key>
			<string>PBXFileReference</string>
			<key>lastKnownFileType</key>
			<string>image.png</string>
			<key>path</key>
			<string>page3.png</string>
			<key>sourceTree</key>
			<string>&lt;group&gt;</string>
		</dict>
		<key>1E59B7B41C15D64E001A7EE4</key>
		<dict>
			<key>isa</key>
			<string>PBXFileReference</string>
			<key>lastKnownFileType</key>
			<string>image.png</string>
			<key>path</key>
			<string>page4.png</string>
			<key>sourceTree</key>
			<string>&lt;group&gt;</string>
		</dict>
		<key>1E59B7B51C15D64E001A7EE4</key>
		<dict>
			<key>fileRef</key>
			<string>1E59B7B11C15D64E001A7EE4</string>
			<key>isa</key>
			<string>PBXBuildFile</string>
		</dict>
		<key>1E59B7B61C15D64E001A7EE4</key>
		<dict>
			<key>fileRef</key>
			<string>1E59B7B21C15D64E001A7EE4</string>
			<key>isa</key>
			<string>PBXBuildFile</string>
		</dict>
		<key>1E59B7B71C15D64E001A7EE4</key>
		<dict>
			<key>fileRef</key>
			<string>1E59B7B31C15D64E001A7EE4</string>
			<key>isa</key>
			<string>PBXBuildFile</string>
		</dict>
		<key>1E59B7B81C15D64E001A7EE4</key>
		<dict>
			<key>fileRef</key>
			<string>1E59B7B41C15D64E001A7EE4</string>
			<key>isa</key>
			<string>PBXBuildFile</string>
		</dict>
		<key>1EAAC0081C09CA2F00283B96</key>
		<dict>
			<key>fileEncoding</key>
			<string>4</string>
			<key>isa</key>
			<string>PBXFileReference</string>
			<key>lastKnownFileType</key>
			<string>sourcecode.swift</string>
			<key>path</key>
			<string>SettingsViewController.swift</string>
			<key>sourceTree</key>
			<string>&lt;group&gt;</string>
		</dict>
		<key>1EAAC0091C09CA2F00283B96</key>
		<dict>
			<key>fileRef</key>
			<string>1EAAC0081C09CA2F00283B96</string>
			<key>isa</key>
			<string>PBXBuildFile</string>
		</dict>
		<key>1EDB6A1E1BDBA47600828CC7</key>
		<dict>
			<key>isa</key>
			<string>PBXFileReference</string>
			<key>lastKnownFileType</key>
			<string>image.png</string>
			<key>path</key>
			<string>facebook-button.png</string>
			<key>sourceTree</key>
			<string>&lt;group&gt;</string>
		</dict>
		<key>1EDB6A1F1BDBA47600828CC7</key>
		<dict>
			<key>isa</key>
			<string>PBXFileReference</string>
			<key>lastKnownFileType</key>
			<string>image.png</string>
			<key>path</key>
			<string>instagram-button.png</string>
			<key>sourceTree</key>
			<string>&lt;group&gt;</string>
		</dict>
		<key>1EDB6A201BDBA47600828CC7</key>
		<dict>
			<key>isa</key>
			<string>PBXFileReference</string>
			<key>lastKnownFileType</key>
			<string>image.png</string>
			<key>path</key>
			<string>twitter-button.png</string>
			<key>sourceTree</key>
			<string>&lt;group&gt;</string>
		</dict>
		<key>1EDB6A211BDBA47600828CC7</key>
		<dict>
			<key>isa</key>
			<string>PBXFileReference</string>
			<key>lastKnownFileType</key>
			<string>image.png</string>
			<key>path</key>
			<string>vk-button.png</string>
			<key>sourceTree</key>
			<string>&lt;group&gt;</string>
		</dict>
		<key>1EDB6A221BDBA47600828CC7</key>
		<dict>
			<key>fileRef</key>
			<string>1EDB6A1E1BDBA47600828CC7</string>
			<key>isa</key>
			<string>PBXBuildFile</string>
		</dict>
		<key>1EDB6A231BDBA47600828CC7</key>
		<dict>
			<key>fileRef</key>
			<string>1EDB6A1F1BDBA47600828CC7</string>
			<key>isa</key>
			<string>PBXBuildFile</string>
		</dict>
		<key>1EDB6A241BDBA47600828CC7</key>
		<dict>
			<key>fileRef</key>
			<string>1EDB6A201BDBA47600828CC7</string>
			<key>isa</key>
			<string>PBXBuildFile</string>
		</dict>
		<key>1EDB6A251BDBA47600828CC7</key>
		<dict>
			<key>fileRef</key>
			<string>1EDB6A211BDBA47600828CC7</string>
			<key>isa</key>
			<string>PBXBuildFile</string>
		</dict>
		<key>1EDB6A261BDF45CB00828CC7</key>
		<dict>
			<key>isa</key>
			<string>PBXFileReference</string>
			<key>lastKnownFileType</key>
			<string>image.png</string>
			<key>path</key>
			<string>back-arrow.png</string>
			<key>sourceTree</key>
			<string>&lt;group&gt;</string>
		</dict>
		<key>1EDB6A271BDF45CB00828CC7</key>
		<dict>
			<key>fileRef</key>
			<string>1EDB6A261BDF45CB00828CC7</string>
			<key>isa</key>
			<string>PBXBuildFile</string>
		</dict>
		<key>1EE8BB171BB98D3E00F172BC</key>
		<dict>
			<key>isa</key>
			<string>PBXFileReference</string>
			<key>lastKnownFileType</key>
			<string>image.png</string>
			<key>path</key>
			<string>radar-off.png</string>
			<key>sourceTree</key>
			<string>&lt;group&gt;</string>
		</dict>
		<key>1EE8BB181BB98D3E00F172BC</key>
		<dict>
			<key>fileRef</key>
			<string>1EE8BB171BB98D3E00F172BC</string>
			<key>isa</key>
			<string>PBXBuildFile</string>
		</dict>
		<key>1EE8BB191BC0F3B300F172BC</key>
		<dict>
			<key>fileEncoding</key>
			<string>4</string>
			<key>isa</key>
			<string>PBXFileReference</string>
			<key>lastKnownFileType</key>
			<string>sourcecode.swift</string>
			<key>path</key>
			<string>HUDViewController.swift</string>
			<key>sourceTree</key>
			<string>&lt;group&gt;</string>
		</dict>
		<key>1EE8BB1A1BC0F3B400F172BC</key>
		<dict>
			<key>fileRef</key>
			<string>1EE8BB191BC0F3B300F172BC</string>
			<key>isa</key>
			<string>PBXBuildFile</string>
		</dict>
		<key>1EE8BB1B1BC106EA00F172BC</key>
		<dict>
			<key>fileEncoding</key>
			<string>4</string>
			<key>isa</key>
			<string>PBXFileReference</string>
			<key>lastKnownFileType</key>
			<string>sourcecode.swift</string>
			<key>path</key>
			<string>Protocols.swift</string>
			<key>sourceTree</key>
			<string>&lt;group&gt;</string>
		</dict>
		<key>1EE8BB1C1BC106EA00F172BC</key>
		<dict>
			<key>fileRef</key>
			<string>1EE8BB1B1BC106EA00F172BC</string>
			<key>isa</key>
			<string>PBXBuildFile</string>
		</dict>
		<key>1EF827121BF1BA0A00C46CF9</key>
		<dict>
			<key>isa</key>
			<string>PBXFileReference</string>
			<key>lastKnownFileType</key>
			<string>file</string>
			<key>path</key>
			<string>out.caf</string>
			<key>sourceTree</key>
			<string>&lt;group&gt;</string>
		</dict>
		<key>1EF827131BF1BA0A00C46CF9</key>
		<dict>
			<key>isa</key>
			<string>PBXFileReference</string>
			<key>lastKnownFileType</key>
			<string>audio.mp3</string>
			<key>path</key>
			<string>sound_alarm.mp3</string>
			<key>sourceTree</key>
			<string>&lt;group&gt;</string>
		</dict>
		<key>1EF827151BF1BA0A00C46CF9</key>
		<dict>
			<key>fileRef</key>
			<string>1EF827131BF1BA0A00C46CF9</string>
			<key>isa</key>
			<string>PBXBuildFile</string>
		</dict>
		<key>1EF827161BF1BD7A00C46CF9</key>
		<dict>
			<key>fileRef</key>
			<string>1EF827121BF1BA0A00C46CF9</string>
			<key>isa</key>
			<string>PBXBuildFile</string>
		</dict>
		<key>1EF827191BF1FA5F00C46CF9</key>
		<dict>
			<key>isa</key>
			<string>PBXFileReference</string>
			<key>lastKnownFileType</key>
			<string>image.png</string>
			<key>path</key>
			<string>direction.png</string>
			<key>sourceTree</key>
			<string>&lt;group&gt;</string>
		</dict>
		<key>1EF8271A1BF1FA5F00C46CF9</key>
		<dict>
			<key>fileRef</key>
			<string>1EF827191BF1FA5F00C46CF9</string>
			<key>isa</key>
			<string>PBXBuildFile</string>
		</dict>
		<key>1EF8271D1BF4A83F00C46CF9</key>
		<dict>
			<key>isa</key>
			<string>PBXFileReference</string>
			<key>lastKnownFileType</key>
			<string>wrapper.plug-in</string>
			<key>path</key>
			<string>Settings.bundle</string>
			<key>sourceTree</key>
			<string>&lt;group&gt;</string>
		</dict>
		<key>1EF8271E1BF4A83F00C46CF9</key>
		<dict>
			<key>fileRef</key>
			<string>1EF8271D1BF4A83F00C46CF9</string>
			<key>isa</key>
			<string>PBXBuildFile</string>
		</dict>
		<key>1EF827231BF5978100C46CF9</key>
		<dict>
			<key>fileEncoding</key>
			<string>4</string>
			<key>isa</key>
			<string>PBXFileReference</string>
			<key>lastKnownFileType</key>
			<string>sourcecode.swift</string>
			<key>path</key>
			<string>AnimationViewController.swift</string>
			<key>sourceTree</key>
			<string>&lt;group&gt;</string>
		</dict>
		<key>1EF827241BF5978100C46CF9</key>
		<dict>
			<key>fileRef</key>
			<string>1EF827231BF5978100C46CF9</string>
			<key>isa</key>
			<string>PBXBuildFile</string>
		</dict>
		<key>1EF827251BF5990B00C46CF9</key>
		<dict>
			<key>children</key>
			<array>
				<string>1EF827261BF5992500C46CF9</string>
				<string>1EF827271BF5992500C46CF9</string>
				<string>1EF827281BF5992500C46CF9</string>
				<string>1EF827291BF5992500C46CF9</string>
				<string>1EF8272A1BF5992500C46CF9</string>
			</array>
			<key>isa</key>
			<string>PBXGroup</string>
			<key>name</key>
			<string>animation parts</string>
			<key>sourceTree</key>
			<string>&lt;group&gt;</string>
		</dict>
		<key>1EF827261BF5992500C46CF9</key>
		<dict>
			<key>isa</key>
			<string>PBXFileReference</string>
			<key>lastKnownFileType</key>
			<string>image.png</string>
			<key>name</key>
			<string>part1.png</string>
			<key>path</key>
			<string>animation parts/part1.png</string>
			<key>sourceTree</key>
			<string>&lt;group&gt;</string>
		</dict>
		<key>1EF827271BF5992500C46CF9</key>
		<dict>
			<key>isa</key>
			<string>PBXFileReference</string>
			<key>lastKnownFileType</key>
			<string>image.png</string>
			<key>name</key>
			<string>rotating_part.png</string>
			<key>path</key>
			<string>animation parts/rotating_part.png</string>
			<key>sourceTree</key>
			<string>&lt;group&gt;</string>
		</dict>
		<key>1EF827281BF5992500C46CF9</key>
		<dict>
			<key>isa</key>
			<string>PBXFileReference</string>
			<key>lastKnownFileType</key>
			<string>image.png</string>
			<key>name</key>
			<string>part3_1.png</string>
			<key>path</key>
			<string>animation parts/part3_1.png</string>
			<key>sourceTree</key>
			<string>&lt;group&gt;</string>
		</dict>
		<key>1EF827291BF5992500C46CF9</key>
		<dict>
			<key>isa</key>
			<string>PBXFileReference</string>
			<key>lastKnownFileType</key>
			<string>image.png</string>
			<key>name</key>
			<string>part3.png</string>
			<key>path</key>
			<string>animation parts/part3.png</string>
			<key>sourceTree</key>
			<string>&lt;group&gt;</string>
		</dict>
		<key>1EF8272A1BF5992500C46CF9</key>
		<dict>
			<key>isa</key>
			<string>PBXFileReference</string>
			<key>lastKnownFileType</key>
			<string>image.png</string>
			<key>name</key>
			<string>part4.png</string>
			<key>path</key>
			<string>animation parts/part4.png</string>
			<key>sourceTree</key>
			<string>&lt;group&gt;</string>
		</dict>
		<key>1EF8272B1BF5992500C46CF9</key>
		<dict>
			<key>fileRef</key>
			<string>1EF827261BF5992500C46CF9</string>
			<key>isa</key>
			<string>PBXBuildFile</string>
		</dict>
		<key>1EF8272C1BF5992500C46CF9</key>
		<dict>
			<key>fileRef</key>
			<string>1EF827271BF5992500C46CF9</string>
			<key>isa</key>
			<string>PBXBuildFile</string>
		</dict>
		<key>1EF8272D1BF5992500C46CF9</key>
		<dict>
			<key>fileRef</key>
			<string>1EF827281BF5992500C46CF9</string>
			<key>isa</key>
			<string>PBXBuildFile</string>
		</dict>
		<key>1EF8272E1BF5992500C46CF9</key>
		<dict>
			<key>fileRef</key>
			<string>1EF827291BF5992500C46CF9</string>
			<key>isa</key>
			<string>PBXBuildFile</string>
		</dict>
		<key>1EF8272F1BF5992500C46CF9</key>
		<dict>
			<key>fileRef</key>
			<string>1EF8272A1BF5992500C46CF9</string>
			<key>isa</key>
			<string>PBXBuildFile</string>
		</dict>
		<key>1EF827301BF5DF8500C46CF9</key>
		<dict>
			<key>isa</key>
			<string>PBXFileReference</string>
			<key>lastKnownFileType</key>
			<string>image.png</string>
			<key>path</key>
			<string>ic_rotate_left.png</string>
			<key>sourceTree</key>
			<string>&lt;group&gt;</string>
		</dict>
		<key>1EF827311BF5DF8500C46CF9</key>
		<dict>
			<key>isa</key>
			<string>PBXFileReference</string>
			<key>lastKnownFileType</key>
			<string>image.png</string>
			<key>path</key>
			<string>ic_rotate_right.png</string>
			<key>sourceTree</key>
			<string>&lt;group&gt;</string>
		</dict>
		<key>1EF827321BF5DF8500C46CF9</key>
		<dict>
			<key>fileRef</key>
			<string>1EF827301BF5DF8500C46CF9</string>
			<key>isa</key>
			<string>PBXBuildFile</string>
		</dict>
		<key>1EF827331BF5DF8500C46CF9</key>
		<dict>
			<key>fileRef</key>
			<string>1EF827311BF5DF8500C46CF9</string>
			<key>isa</key>
			<string>PBXBuildFile</string>
		</dict>
		<key>2DFAA71DC7E756D51876291A</key>
		<dict>
			<key>includeInIndex</key>
			<string>1</string>
			<key>isa</key>
			<string>PBXFileReference</string>
			<key>lastKnownFileType</key>
			<string>text.xcconfig</string>
			<key>name</key>
			<string>Pods-OKO.debug.xcconfig</string>
			<key>path</key>
			<string>Pods/Target Support Files/Pods-OKO/Pods-OKO.debug.xcconfig</string>
			<key>sourceTree</key>
			<string>&lt;group&gt;</string>
		</dict>
		<key>4E9CD3358367A8D98C44015D</key>
		<dict>
			<key>buildActionMask</key>
			<string>2147483647</string>
			<key>files</key>
			<array/>
			<key>inputPaths</key>
			<array/>
			<key>isa</key>
			<string>PBXShellScriptBuildPhase</string>
			<key>name</key>
			<string>Check Pods Manifest.lock</string>
			<key>outputPaths</key>
			<array/>
			<key>runOnlyForDeploymentPostprocessing</key>
			<string>0</string>
			<key>shellPath</key>
			<string>/bin/sh</string>
			<key>shellScript</key>
			<string>diff "${PODS_ROOT}/../Podfile.lock" "${PODS_ROOT}/Manifest.lock" &gt; /dev/null
if [[ $? != 0 ]] ; then
    cat &lt;&lt; EOM
error: The sandbox is not in sync with the Podfile.lock. Run 'pod install' or update your CocoaPods installation.
EOM
    exit 1
fi
</string>
			<key>showEnvVarsInLog</key>
			<string>0</string>
		</dict>
		<key>5E3699AC1B91A2DB0003B57E</key>
		<dict>
			<key>fileEncoding</key>
			<string>4</string>
			<key>isa</key>
			<string>PBXFileReference</string>
			<key>lastKnownFileType</key>
			<string>sourcecode.swift</string>
			<key>path</key>
			<string>LocationType.swift</string>
			<key>sourceTree</key>
			<string>&lt;group&gt;</string>
		</dict>
		<key>5E3699AD1B91A2DB0003B57E</key>
		<dict>
			<key>fileRef</key>
			<string>5E3699AC1B91A2DB0003B57E</string>
			<key>isa</key>
			<string>PBXBuildFile</string>
		</dict>
		<key>5E54709F1B8880F9002A840E</key>
		<dict>
			<key>isa</key>
			<string>PBXFileReference</string>
			<key>lastKnownFileType</key>
			<string>image.png</string>
			<key>path</key>
			<string>arrow.png</string>
			<key>sourceTree</key>
			<string>&lt;group&gt;</string>
		</dict>
		<key>5E5470A01B8880F9002A840E</key>
		<dict>
			<key>fileRef</key>
			<string>5E54709F1B8880F9002A840E</string>
			<key>isa</key>
			<string>PBXBuildFile</string>
		</dict>
		<key>5E676C201B8CB3EF00113EDE</key>
		<dict>
			<key>buildActionMask</key>
			<string>2147483647</string>
			<key>dstPath</key>
			<string></string>
			<key>dstSubfolderSpec</key>
			<string>10</string>
			<key>files</key>
			<array/>
			<key>isa</key>
			<string>PBXCopyFilesBuildPhase</string>
			<key>name</key>
			<string>Embed Frameworks</string>
			<key>runOnlyForDeploymentPostprocessing</key>
			<string>0</string>
		</dict>
		<key>5E70144A1B9ABCB1004AB4B3</key>
		<dict>
			<key>fileEncoding</key>
			<string>4</string>
			<key>isa</key>
			<string>PBXFileReference</string>
			<key>lastKnownFileType</key>
			<string>sourcecode.swift</string>
			<key>path</key>
			<string>FilterTableViewController.swift</string>
			<key>sourceTree</key>
			<string>&lt;group&gt;</string>
		</dict>
		<key>5E70144B1B9ABCB1004AB4B3</key>
		<dict>
			<key>fileRef</key>
			<string>5E70144A1B9ABCB1004AB4B3</string>
			<key>isa</key>
			<string>PBXBuildFile</string>
		</dict>
		<key>5EB9EAF31B899BAD00F3F863</key>
		<dict>
			<key>isa</key>
			<string>PBXFileReference</string>
			<key>lastKnownFileType</key>
			<string>image.png</string>
			<key>path</key>
			<string>compas.png</string>
			<key>sourceTree</key>
			<string>&lt;group&gt;</string>
		</dict>
		<key>5EB9EAF41B899BAD00F3F863</key>
		<dict>
			<key>isa</key>
			<string>PBXFileReference</string>
			<key>lastKnownFileType</key>
			<string>image.png</string>
			<key>path</key>
			<string>location.png</string>
			<key>sourceTree</key>
			<string>&lt;group&gt;</string>
		</dict>
		<key>5EB9EAF51B899BAD00F3F863</key>
		<dict>
			<key>isa</key>
			<string>PBXFileReference</string>
			<key>lastKnownFileType</key>
			<string>image.png</string>
			<key>path</key>
			<string>radar-switcher.png</string>
			<key>sourceTree</key>
			<string>&lt;group&gt;</string>
		</dict>
		<key>5EB9EAF61B899BAD00F3F863</key>
		<dict>
			<key>isa</key>
			<string>PBXFileReference</string>
			<key>lastKnownFileType</key>
			<string>image.png</string>
			<key>path</key>
			<string>zoom-in.png</string>
			<key>sourceTree</key>
			<string>&lt;group&gt;</string>
		</dict>
		<key>5EB9EAF71B899BAD00F3F863</key>
		<dict>
			<key>isa</key>
			<string>PBXFileReference</string>
			<key>lastKnownFileType</key>
			<string>image.png</string>
			<key>path</key>
			<string>zoom-out.png</string>
			<key>sourceTree</key>
			<string>&lt;group&gt;</string>
		</dict>
		<key>5EB9EAF81B899BAD00F3F863</key>
		<dict>
			<key>fileRef</key>
			<string>5EB9EAF31B899BAD00F3F863</string>
			<key>isa</key>
			<string>PBXBuildFile</string>
		</dict>
		<key>5EB9EAF91B899BAD00F3F863</key>
		<dict>
			<key>fileRef</key>
			<string>5EB9EAF41B899BAD00F3F863</string>
			<key>isa</key>
			<string>PBXBuildFile</string>
		</dict>
		<key>5EB9EAFA1B899BAD00F3F863</key>
		<dict>
			<key>fileRef</key>
			<string>5EB9EAF51B899BAD00F3F863</string>
			<key>isa</key>
			<string>PBXBuildFile</string>
		</dict>
		<key>5EB9EAFB1B899BAD00F3F863</key>
		<dict>
			<key>fileRef</key>
			<string>5EB9EAF61B899BAD00F3F863</string>
			<key>isa</key>
			<string>PBXBuildFile</string>
		</dict>
		<key>5EB9EAFC1B899BAD00F3F863</key>
		<dict>
			<key>fileRef</key>
			<string>5EB9EAF71B899BAD00F3F863</string>
			<key>isa</key>
			<string>PBXBuildFile</string>
		</dict>
		<key>5EB9EAFD1B89AC8100F3F863</key>
		<dict>
			<key>children</key>
			<array>
				<string>A437F4311CA7C377005823FE</string>
				<string>5ECDF5BC1BA58D5D0026B18D</string>
				<string>5EFD13661B8B7439002E3F7B</string>
				<string>5EB9EAFE1B89AC9500F3F863</string>
				<string>5EB9EAFF1B89AC9500F3F863</string>
				<string>5EB9EB001B89AC9500F3F863</string>
				<string>5EB9EB011B89AC9500F3F863</string>
				<string>5EB9EB021B89AC9500F3F863</string>
				<string>1EF827191BF1FA5F00C46CF9</string>
			</array>
			<key>isa</key>
			<string>PBXGroup</string>
			<key>path</key>
			<string>map parts</string>
			<key>sourceTree</key>
			<string>&lt;group&gt;</string>
		</dict>
		<key>5EB9EAFE1B89AC9500F3F863</key>
		<dict>
			<key>isa</key>
			<string>PBXFileReference</string>
			<key>lastKnownFileType</key>
			<string>image.png</string>
			<key>path</key>
			<string>bottom-bar.png</string>
			<key>sourceTree</key>
			<string>&lt;group&gt;</string>
		</dict>
		<key>5EB9EAFF1B89AC9500F3F863</key>
		<dict>
			<key>isa</key>
			<string>PBXFileReference</string>
			<key>lastKnownFileType</key>
			<string>image.png</string>
			<key>path</key>
			<string>danger-speed.png</string>
			<key>sourceTree</key>
			<string>&lt;group&gt;</string>
		</dict>
		<key>5EB9EB001B89AC9500F3F863</key>
		<dict>
			<key>isa</key>
			<string>PBXFileReference</string>
			<key>lastKnownFileType</key>
			<string>image.png</string>
			<key>path</key>
			<string>fast-speed.png</string>
			<key>sourceTree</key>
			<string>&lt;group&gt;</string>
		</dict>
		<key>5EB9EB011B89AC9500F3F863</key>
		<dict>
			<key>isa</key>
			<string>PBXFileReference</string>
			<key>lastKnownFileType</key>
			<string>image.png</string>
			<key>path</key>
			<string>normal-speed.png</string>
			<key>sourceTree</key>
			<string>&lt;group&gt;</string>
		</dict>
		<key>5EB9EB021B89AC9500F3F863</key>
		<dict>
			<key>isa</key>
			<string>PBXFileReference</string>
			<key>lastKnownFileType</key>
			<string>image.png</string>
			<key>path</key>
			<string>slow-speed.png</string>
			<key>sourceTree</key>
			<string>&lt;group&gt;</string>
		</dict>
		<key>5EB9EB031B89AC9500F3F863</key>
		<dict>
			<key>fileRef</key>
			<string>5EB9EAFE1B89AC9500F3F863</string>
			<key>isa</key>
			<string>PBXBuildFile</string>
		</dict>
		<key>5EB9EB041B89AC9500F3F863</key>
		<dict>
			<key>fileRef</key>
			<string>5EB9EAFF1B89AC9500F3F863</string>
			<key>isa</key>
			<string>PBXBuildFile</string>
		</dict>
		<key>5EB9EB051B89AC9500F3F863</key>
		<dict>
			<key>fileRef</key>
			<string>5EB9EB001B89AC9500F3F863</string>
			<key>isa</key>
			<string>PBXBuildFile</string>
		</dict>
		<key>5EB9EB061B89AC9500F3F863</key>
		<dict>
			<key>fileRef</key>
			<string>5EB9EB011B89AC9500F3F863</string>
			<key>isa</key>
			<string>PBXBuildFile</string>
		</dict>
		<key>5EB9EB071B89AC9500F3F863</key>
		<dict>
			<key>fileRef</key>
			<string>5EB9EB021B89AC9500F3F863</string>
			<key>isa</key>
			<string>PBXBuildFile</string>
		</dict>
		<key>5EB9EB081B89C30F00F3F863</key>
		<dict>
			<key>children</key>
			<array>
				<string>5EB9EB091B89C32000F3F863</string>
				<string>5EB9EB0A1B89C32000F3F863</string>
				<string>5EB9EB0B1B89C32000F3F863</string>
				<string>5EB9EB0C1B89C32000F3F863</string>
				<string>5EB9EB0D1B89C32000F3F863</string>
				<string>5EB9EB0E1B89C32000F3F863</string>
				<string>5EB9EB0F1B89C32000F3F863</string>
				<string>5EB9EB101B89C32000F3F863</string>
				<string>5EB9EB111B89C32000F3F863</string>
				<string>5EB9EB121B89C32000F3F863</string>
				<string>5EB9EB131B89C32000F3F863</string>
				<string>5EB9EB141B89C32000F3F863</string>
				<string>5EB9EB151B89C32000F3F863</string>
				<string>5EB9EB161B89C32000F3F863</string>
				<string>5EB9EB171B89C32000F3F863</string>
				<string>5EB9EB181B89C32000F3F863</string>
				<string>5EB9EB191B89C32000F3F863</string>
				<string>5EB9EB1A1B89C32000F3F863</string>
				<string>5EB9EB1B1B89C32000F3F863</string>
				<string>5EB9EB1C1B89C32000F3F863</string>
				<string>5EB9EB1D1B89C32000F3F863</string>
				<string>5EB9EB1E1B89C32000F3F863</string>
				<string>5EB9EB1F1B89C32000F3F863</string>
				<string>5EB9EB201B89C32000F3F863</string>
				<string>5EB9EB211B89C32000F3F863</string>
				<string>5EB9EB221B89C32000F3F863</string>
			</array>
			<key>isa</key>
			<string>PBXGroup</string>
			<key>path</key>
			<string>road signs</string>
			<key>sourceTree</key>
			<string>&lt;group&gt;</string>
		</dict>
		<key>5EB9EB091B89C32000F3F863</key>
		<dict>
			<key>isa</key>
			<string>PBXFileReference</string>
			<key>lastKnownFileType</key>
			<string>image.png</string>
			<key>path</key>
			<string>another-danger.png</string>
			<key>sourceTree</key>
			<string>&lt;group&gt;</string>
		</dict>
		<key>5EB9EB0A1B89C32000F3F863</key>
		<dict>
			<key>isa</key>
			<string>PBXFileReference</string>
			<key>lastKnownFileType</key>
			<string>image.png</string>
			<key>path</key>
			<string>bad-road.png</string>
			<key>sourceTree</key>
			<string>&lt;group&gt;</string>
		</dict>
		<key>5EB9EB0B1B89C32000F3F863</key>
		<dict>
			<key>isa</key>
			<string>PBXFileReference</string>
			<key>lastKnownFileType</key>
			<string>image.png</string>
			<key>path</key>
			<string>danger-crossing.png</string>
			<key>sourceTree</key>
			<string>&lt;group&gt;</string>
		</dict>
		<key>5EB9EB0C1B89C32000F3F863</key>
		<dict>
			<key>isa</key>
			<string>PBXFileReference</string>
			<key>lastKnownFileType</key>
			<string>image.png</string>
			<key>path</key>
			<string>danger-crossway.png</string>
			<key>sourceTree</key>
			<string>&lt;group&gt;</string>
		</dict>
		<key>5EB9EB0D1B89C32000F3F863</key>
		<dict>
			<key>isa</key>
			<string>PBXFileReference</string>
			<key>lastKnownFileType</key>
			<string>image.png</string>
			<key>path</key>
			<string>danger-route-change.png</string>
			<key>sourceTree</key>
			<string>&lt;group&gt;</string>
		</dict>
		<key>5EB9EB0E1B89C32000F3F863</key>
		<dict>
			<key>isa</key>
			<string>PBXFileReference</string>
			<key>lastKnownFileType</key>
			<string>image.png</string>
			<key>path</key>
			<string>double-road-camera.png</string>
			<key>sourceTree</key>
			<string>&lt;group&gt;</string>
		</dict>
		<key>5EB9EB0F1B89C32000F3F863</key>
		<dict>
			<key>isa</key>
			<string>PBXFileReference</string>
			<key>lastKnownFileType</key>
			<string>image.png</string>
			<key>path</key>
			<string>dtp.png</string>
			<key>sourceTree</key>
			<string>&lt;group&gt;</string>
		</dict>
		<key>5EB9EB101B89C32000F3F863</key>
		<dict>
			<key>isa</key>
			<string>PBXFileReference</string>
			<key>lastKnownFileType</key>
			<string>image.png</string>
			<key>path</key>
			<string>line-control-camera.png</string>
			<key>sourceTree</key>
			<string>&lt;group&gt;</string>
		</dict>
		<key>5EB9EB111B89C32000F3F863</key>
		<dict>
			<key>isa</key>
			<string>PBXFileReference</string>
			<key>lastKnownFileType</key>
			<string>image.png</string>
			<key>path</key>
			<string>locality-inception.png</string>
			<key>sourceTree</key>
			<string>&lt;group&gt;</string>
		</dict>
		<key>5EB9EB121B89C32000F3F863</key>
		<dict>
			<key>isa</key>
			<string>PBXFileReference</string>
			<key>lastKnownFileType</key>
			<string>image.png</string>
			<key>path</key>
			<string>mobile-camera-ambush.png</string>
			<key>sourceTree</key>
			<string>&lt;group&gt;</string>
		</dict>
		<key>5EB9EB131B89C32000F3F863</key>
		<dict>
			<key>isa</key>
			<string>PBXFileReference</string>
			<key>lastKnownFileType</key>
			<string>image.png</string>
			<key>path</key>
			<string>railway-crossing.png</string>
			<key>sourceTree</key>
			<string>&lt;group&gt;</string>
		</dict>
		<key>5EB9EB141B89C32000F3F863</key>
		<dict>
			<key>isa</key>
			<string>PBXFileReference</string>
			<key>lastKnownFileType</key>
			<string>image.png</string>
			<key>path</key>
			<string>red-light-camera.png</string>
			<key>sourceTree</key>
			<string>&lt;group&gt;</string>
		</dict>
		<key>5EB9EB151B89C32000F3F863</key>
		<dict>
			<key>isa</key>
			<string>PBXFileReference</string>
			<key>lastKnownFileType</key>
			<string>image.png</string>
			<key>path</key>
			<string>road-work.png</string>
			<key>sourceTree</key>
			<string>&lt;group&gt;</string>
		</dict>
		<key>5EB9EB161B89C32000F3F863</key>
		<dict>
			<key>isa</key>
			<string>PBXFileReference</string>
			<key>lastKnownFileType</key>
			<string>image.png</string>
			<key>path</key>
			<string>sleeping-policeman.png</string>
			<key>sourceTree</key>
			<string>&lt;group&gt;</string>
		</dict>
		<key>5EB9EB171B89C32000F3F863</key>
		<dict>
			<key>isa</key>
			<string>PBXFileReference</string>
			<key>lastKnownFileType</key>
			<string>image.png</string>
			<key>path</key>
			<string>slippery-road.png</string>
			<key>sourceTree</key>
			<string>&lt;group&gt;</string>
		</dict>
		<key>5EB9EB181B89C32000F3F863</key>
		<dict>
			<key>isa</key>
			<string>PBXFileReference</string>
			<key>lastKnownFileType</key>
			<string>image.png</string>
			<key>path</key>
			<string>speed-limit-40.png</string>
			<key>sourceTree</key>
			<string>&lt;group&gt;</string>
		</dict>
		<key>5EB9EB191B89C32000F3F863</key>
		<dict>
			<key>isa</key>
			<string>PBXFileReference</string>
			<key>lastKnownFileType</key>
			<string>image.png</string>
			<key>path</key>
			<string>speed-limit-50.png</string>
			<key>sourceTree</key>
			<string>&lt;group&gt;</string>
		</dict>
		<key>5EB9EB1A1B89C32000F3F863</key>
		<dict>
			<key>isa</key>
			<string>PBXFileReference</string>
			<key>lastKnownFileType</key>
			<string>image.png</string>
			<key>path</key>
			<string>speed-limit-60.png</string>
			<key>sourceTree</key>
			<string>&lt;group&gt;</string>
		</dict>
		<key>5EB9EB1B1B89C32000F3F863</key>
		<dict>
			<key>isa</key>
			<string>PBXFileReference</string>
			<key>lastKnownFileType</key>
			<string>image.png</string>
			<key>path</key>
			<string>speed-limit-80.png</string>
			<key>sourceTree</key>
			<string>&lt;group&gt;</string>
		</dict>
		<key>5EB9EB1C1B89C32000F3F863</key>
		<dict>
			<key>isa</key>
			<string>PBXFileReference</string>
			<key>lastKnownFileType</key>
			<string>image.png</string>
			<key>path</key>
			<string>static-dps-post.png</string>
			<key>sourceTree</key>
			<string>&lt;group&gt;</string>
		</dict>
		<key>5EB9EB1D1B89C32000F3F863</key>
		<dict>
			<key>isa</key>
			<string>PBXFileReference</string>
			<key>lastKnownFileType</key>
			<string>image.png</string>
			<key>path</key>
			<string>static-speed-camera.png</string>
			<key>sourceTree</key>
			<string>&lt;group&gt;</string>
		</dict>
		<key>5EB9EB1E1B89C32000F3F863</key>
		<dict>
			<key>isa</key>
			<string>PBXFileReference</string>
			<key>lastKnownFileType</key>
			<string>image.png</string>
			<key>path</key>
			<string>stop-line-control.png</string>
			<key>sourceTree</key>
			<string>&lt;group&gt;</string>
		</dict>
		<key>5EB9EB1F1B89C32000F3F863</key>
		<dict>
			<key>isa</key>
			<string>PBXFileReference</string>
			<key>lastKnownFileType</key>
			<string>image.png</string>
			<key>path</key>
			<string>stop-sign.png</string>
			<key>sourceTree</key>
			<string>&lt;group&gt;</string>
		</dict>
		<key>5EB9EB201B89C32000F3F863</key>
		<dict>
			<key>isa</key>
			<string>PBXFileReference</string>
			<key>lastKnownFileType</key>
			<string>image.png</string>
			<key>path</key>
			<string>svetofor-camera.png</string>
			<key>sourceTree</key>
			<string>&lt;group&gt;</string>
		</dict>
		<key>5EB9EB211B89C32000F3F863</key>
		<dict>
			<key>isa</key>
			<string>PBXFileReference</string>
			<key>lastKnownFileType</key>
			<string>image.png</string>
			<key>path</key>
			<string>traffic-police.png</string>
			<key>sourceTree</key>
			<string>&lt;group&gt;</string>
		</dict>
		<key>5EB9EB221B89C32000F3F863</key>
		<dict>
			<key>isa</key>
			<string>PBXFileReference</string>
			<key>lastKnownFileType</key>
			<string>image.png</string>
			<key>path</key>
			<string>trenoga.png</string>
			<key>sourceTree</key>
			<string>&lt;group&gt;</string>
		</dict>
		<key>5EB9EB231B89C32000F3F863</key>
		<dict>
			<key>fileRef</key>
			<string>5EB9EB091B89C32000F3F863</string>
			<key>isa</key>
			<string>PBXBuildFile</string>
		</dict>
		<key>5EB9EB241B89C32000F3F863</key>
		<dict>
			<key>fileRef</key>
			<string>5EB9EB0A1B89C32000F3F863</string>
			<key>isa</key>
			<string>PBXBuildFile</string>
		</dict>
		<key>5EB9EB251B89C32000F3F863</key>
		<dict>
			<key>fileRef</key>
			<string>5EB9EB0B1B89C32000F3F863</string>
			<key>isa</key>
			<string>PBXBuildFile</string>
		</dict>
		<key>5EB9EB261B89C32000F3F863</key>
		<dict>
			<key>fileRef</key>
			<string>5EB9EB0C1B89C32000F3F863</string>
			<key>isa</key>
			<string>PBXBuildFile</string>
		</dict>
		<key>5EB9EB271B89C32000F3F863</key>
		<dict>
			<key>fileRef</key>
			<string>5EB9EB0D1B89C32000F3F863</string>
			<key>isa</key>
			<string>PBXBuildFile</string>
		</dict>
		<key>5EB9EB281B89C32000F3F863</key>
		<dict>
			<key>fileRef</key>
			<string>5EB9EB0E1B89C32000F3F863</string>
			<key>isa</key>
			<string>PBXBuildFile</string>
		</dict>
		<key>5EB9EB291B89C32000F3F863</key>
		<dict>
			<key>fileRef</key>
			<string>5EB9EB0F1B89C32000F3F863</string>
			<key>isa</key>
			<string>PBXBuildFile</string>
		</dict>
		<key>5EB9EB2A1B89C32000F3F863</key>
		<dict>
			<key>fileRef</key>
			<string>5EB9EB101B89C32000F3F863</string>
			<key>isa</key>
			<string>PBXBuildFile</string>
		</dict>
		<key>5EB9EB2B1B89C32000F3F863</key>
		<dict>
			<key>fileRef</key>
			<string>5EB9EB111B89C32000F3F863</string>
			<key>isa</key>
			<string>PBXBuildFile</string>
		</dict>
		<key>5EB9EB2C1B89C32000F3F863</key>
		<dict>
			<key>fileRef</key>
			<string>5EB9EB121B89C32000F3F863</string>
			<key>isa</key>
			<string>PBXBuildFile</string>
		</dict>
		<key>5EB9EB2D1B89C32000F3F863</key>
		<dict>
			<key>fileRef</key>
			<string>5EB9EB131B89C32000F3F863</string>
			<key>isa</key>
			<string>PBXBuildFile</string>
		</dict>
		<key>5EB9EB2E1B89C32000F3F863</key>
		<dict>
			<key>fileRef</key>
			<string>5EB9EB141B89C32000F3F863</string>
			<key>isa</key>
			<string>PBXBuildFile</string>
		</dict>
		<key>5EB9EB2F1B89C32000F3F863</key>
		<dict>
			<key>fileRef</key>
			<string>5EB9EB151B89C32000F3F863</string>
			<key>isa</key>
			<string>PBXBuildFile</string>
		</dict>
		<key>5EB9EB301B89C32000F3F863</key>
		<dict>
			<key>fileRef</key>
			<string>5EB9EB161B89C32000F3F863</string>
			<key>isa</key>
			<string>PBXBuildFile</string>
		</dict>
		<key>5EB9EB311B89C32000F3F863</key>
		<dict>
			<key>fileRef</key>
			<string>5EB9EB171B89C32000F3F863</string>
			<key>isa</key>
			<string>PBXBuildFile</string>
		</dict>
		<key>5EB9EB321B89C32000F3F863</key>
		<dict>
			<key>fileRef</key>
			<string>5EB9EB181B89C32000F3F863</string>
			<key>isa</key>
			<string>PBXBuildFile</string>
		</dict>
		<key>5EB9EB331B89C32000F3F863</key>
		<dict>
			<key>fileRef</key>
			<string>5EB9EB191B89C32000F3F863</string>
			<key>isa</key>
			<string>PBXBuildFile</string>
		</dict>
		<key>5EB9EB341B89C32000F3F863</key>
		<dict>
			<key>fileRef</key>
			<string>5EB9EB1A1B89C32000F3F863</string>
			<key>isa</key>
			<string>PBXBuildFile</string>
		</dict>
		<key>5EB9EB351B89C32000F3F863</key>
		<dict>
			<key>fileRef</key>
			<string>5EB9EB1B1B89C32000F3F863</string>
			<key>isa</key>
			<string>PBXBuildFile</string>
		</dict>
		<key>5EB9EB361B89C32000F3F863</key>
		<dict>
			<key>fileRef</key>
			<string>5EB9EB1C1B89C32000F3F863</string>
			<key>isa</key>
			<string>PBXBuildFile</string>
		</dict>
		<key>5EB9EB371B89C32000F3F863</key>
		<dict>
			<key>fileRef</key>
			<string>5EB9EB1D1B89C32000F3F863</string>
			<key>isa</key>
			<string>PBXBuildFile</string>
		</dict>
		<key>5EB9EB381B89C32000F3F863</key>
		<dict>
			<key>fileRef</key>
			<string>5EB9EB1E1B89C32000F3F863</string>
			<key>isa</key>
			<string>PBXBuildFile</string>
		</dict>
		<key>5EB9EB391B89C32000F3F863</key>
		<dict>
			<key>fileRef</key>
			<string>5EB9EB1F1B89C32000F3F863</string>
			<key>isa</key>
			<string>PBXBuildFile</string>
		</dict>
		<key>5EB9EB3A1B89C32000F3F863</key>
		<dict>
			<key>fileRef</key>
			<string>5EB9EB201B89C32000F3F863</string>
			<key>isa</key>
			<string>PBXBuildFile</string>
		</dict>
		<key>5EB9EB3B1B89C32000F3F863</key>
		<dict>
			<key>fileRef</key>
			<string>5EB9EB211B89C32000F3F863</string>
			<key>isa</key>
			<string>PBXBuildFile</string>
		</dict>
		<key>5EB9EB3C1B89C32000F3F863</key>
		<dict>
			<key>fileRef</key>
			<string>5EB9EB221B89C32000F3F863</string>
			<key>isa</key>
			<string>PBXBuildFile</string>
		</dict>
		<key>5EB9EB3D1B89D7F900F3F863</key>
		<dict>
			<key>isa</key>
			<string>PBXFileReference</string>
			<key>lastKnownFileType</key>
			<string>image.png</string>
			<key>path</key>
			<string>filter-check.png</string>
			<key>sourceTree</key>
			<string>&lt;group&gt;</string>
		</dict>
		<key>5EB9EB3E1B89D7F900F3F863</key>
		<dict>
			<key>isa</key>
			<string>PBXFileReference</string>
			<key>lastKnownFileType</key>
			<string>image.png</string>
			<key>path</key>
			<string>filter-uncheck.png</string>
			<key>sourceTree</key>
			<string>&lt;group&gt;</string>
		</dict>
		<key>5EB9EB3F1B89D7F900F3F863</key>
		<dict>
			<key>fileRef</key>
			<string>5EB9EB3D1B89D7F900F3F863</string>
			<key>isa</key>
			<string>PBXBuildFile</string>
		</dict>
		<key>5EB9EB401B89D7F900F3F863</key>
		<dict>
			<key>fileRef</key>
			<string>5EB9EB3E1B89D7F900F3F863</string>
			<key>isa</key>
			<string>PBXBuildFile</string>
		</dict>
		<key>5EB9EB411B89E12100F3F863</key>
		<dict>
			<key>isa</key>
			<string>PBXFileReference</string>
			<key>lastKnownFileType</key>
			<string>sourcecode.c.h</string>
			<key>path</key>
			<string>OKO-Bridging-Header.h</string>
			<key>sourceTree</key>
			<string>&lt;group&gt;</string>
		</dict>
		<key>5EB9EB481B89E92200F3F863</key>
		<dict>
			<key>fileEncoding</key>
			<string>4</string>
			<key>isa</key>
			<string>PBXFileReference</string>
			<key>lastKnownFileType</key>
			<string>sourcecode.c.h</string>
			<key>path</key>
			<string>ContainerViewController.h</string>
			<key>sourceTree</key>
			<string>&lt;group&gt;</string>
		</dict>
		<key>5EB9EB491B89E92200F3F863</key>
		<dict>
			<key>fileEncoding</key>
			<string>4</string>
			<key>isa</key>
			<string>PBXFileReference</string>
			<key>lastKnownFileType</key>
			<string>sourcecode.c.objc</string>
			<key>path</key>
			<string>ContainerViewController.m</string>
			<key>sourceTree</key>
			<string>&lt;group&gt;</string>
		</dict>
		<key>5EB9EB4A1B89E92200F3F863</key>
		<dict>
			<key>fileRef</key>
			<string>5EB9EB491B89E92200F3F863</string>
			<key>isa</key>
			<string>PBXBuildFile</string>
		</dict>
		<key>5ECDF5BC1BA58D5D0026B18D</key>
		<dict>
			<key>isa</key>
			<string>PBXFileReference</string>
			<key>lastKnownFileType</key>
			<string>image.png</string>
			<key>path</key>
			<string>cluster@2x.png</string>
			<key>sourceTree</key>
			<string>&lt;group&gt;</string>
		</dict>
		<key>5ECDF5BD1BA58D5D0026B18D</key>
		<dict>
			<key>fileRef</key>
			<string>5ECDF5BC1BA58D5D0026B18D</string>
			<key>isa</key>
			<string>PBXBuildFile</string>
		</dict>
		<key>5EFC9D031B933E1D00759D56</key>
		<dict>
			<key>fileEncoding</key>
			<string>4</string>
			<key>isa</key>
			<string>PBXFileReference</string>
			<key>lastKnownFileType</key>
			<string>sourcecode.swift</string>
			<key>path</key>
			<string>Location.swift</string>
			<key>sourceTree</key>
			<string>&lt;group&gt;</string>
		</dict>
		<key>5EFC9D041B933E1D00759D56</key>
		<dict>
			<key>fileRef</key>
			<string>5EFC9D031B933E1D00759D56</string>
			<key>isa</key>
			<string>PBXBuildFile</string>
		</dict>
		<key>5EFD13661B8B7439002E3F7B</key>
		<dict>
			<key>isa</key>
			<string>PBXFileReference</string>
			<key>lastKnownFileType</key>
			<string>image.png</string>
			<key>path</key>
			<string>user@2x.png</string>
			<key>sourceTree</key>
			<string>&lt;group&gt;</string>
		</dict>
		<key>5EFD13671B8B7439002E3F7B</key>
		<dict>
			<key>fileRef</key>
			<string>5EFD13661B8B7439002E3F7B</string>
			<key>isa</key>
			<string>PBXBuildFile</string>
		</dict>
		<key>8DD13C478CD7767A97F21E7D</key>
		<dict>
			<key>children</key>
			<array>
				<string>A437F4511CAD8BBB005823FE</string>
				<string>FFFB06D87B7AB4AAF080FD62</string>
			</array>
			<key>isa</key>
			<string>PBXGroup</string>
			<key>name</key>
			<string>Frameworks</string>
			<key>sourceTree</key>
			<string>&lt;group&gt;</string>
		</dict>
		<key>93F304B7E07B116E7E80B3DB</key>
		<dict>
			<key>buildActionMask</key>
			<string>2147483647</string>
			<key>files</key>
			<array/>
			<key>inputPaths</key>
			<array/>
			<key>isa</key>
			<string>PBXShellScriptBuildPhase</string>
			<key>name</key>
			<string>Copy Pods Resources</string>
			<key>outputPaths</key>
			<array/>
			<key>runOnlyForDeploymentPostprocessing</key>
			<string>0</string>
			<key>shellPath</key>
			<string>/bin/sh</string>
			<key>shellScript</key>
			<string>"${SRCROOT}/Pods/Target Support Files/Pods-OKO/Pods-OKO-resources.sh"
</string>
			<key>showEnvVarsInLog</key>
			<string>0</string>
		</dict>
		<key>980C906AE1C6E9B285FA454D</key>
		<dict>
			<key>fileRef</key>
			<string>FFFB06D87B7AB4AAF080FD62</string>
			<key>isa</key>
			<string>PBXBuildFile</string>
		</dict>
		<key>A40F9E281C9FB7E400B1AE15</key>
		<dict>
			<key>fileEncoding</key>
			<string>4</string>
			<key>isa</key>
			<string>PBXFileReference</string>
			<key>lastKnownFileType</key>
			<string>sourcecode.swift</string>
			<key>path</key>
			<string>LocationsDataService.swift</string>
			<key>sourceTree</key>
			<string>&lt;group&gt;</string>
		</dict>
		<key>A40F9E291C9FB7E400B1AE15</key>
		<dict>
			<key>fileRef</key>
			<string>A40F9E281C9FB7E400B1AE15</string>
			<key>isa</key>
			<string>PBXBuildFile</string>
		</dict>
		<key>A4236BB81C95A1F1002C855E</key>
		<dict>
			<key>fileEncoding</key>
			<string>4</string>
			<key>isa</key>
			<string>PBXFileReference</string>
			<key>lastKnownFileType</key>
			<string>sourcecode.swift</string>
			<key>path</key>
			<string>ImageStorage.swift</string>
			<key>sourceTree</key>
			<string>&lt;group&gt;</string>
		</dict>
		<key>A4236BB91C95A1F1002C855E</key>
		<dict>
			<key>fileRef</key>
			<string>A4236BB81C95A1F1002C855E</string>
			<key>isa</key>
			<string>PBXBuildFile</string>
		</dict>
		<key>A437F4311CA7C377005823FE</key>
		<dict>
			<key>isa</key>
			<string>PBXFileReference</string>
			<key>lastKnownFileType</key>
			<string>image.png</string>
			<key>path</key>
			<string>direction2.png</string>
			<key>sourceTree</key>
			<string>&lt;group&gt;</string>
		</dict>
		<key>A437F4321CA7C377005823FE</key>
		<dict>
			<key>fileRef</key>
			<string>A437F4311CA7C377005823FE</string>
			<key>isa</key>
			<string>PBXBuildFile</string>
		</dict>
		<key>A437F4331CAC2862005823FE</key>
		<dict>
			<key>isa</key>
			<string>PBXFileReference</string>
			<key>lastKnownFileType</key>
			<string>image.png</string>
			<key>path</key>
			<string>ic_inactive_yes.png</string>
			<key>sourceTree</key>
			<string>&lt;group&gt;</string>
		</dict>
		<key>A437F4341CAC2862005823FE</key>
		<dict>
			<key>isa</key>
			<string>PBXFileReference</string>
			<key>lastKnownFileType</key>
			<string>image.png</string>
			<key>path</key>
			<string>ic_inactive_no.png</string>
			<key>sourceTree</key>
			<string>&lt;group&gt;</string>
		</dict>
		<key>A437F4351CAC2862005823FE</key>
		<dict>
			<key>isa</key>
			<string>PBXFileReference</string>
			<key>lastKnownFileType</key>
			<string>image.png</string>
			<key>path</key>
			<string>ic_normal_no_pressed.png</string>
			<key>sourceTree</key>
			<string>&lt;group&gt;</string>
		</dict>
		<key>A437F4361CAC2862005823FE</key>
		<dict>
			<key>isa</key>
			<string>PBXFileReference</string>
			<key>lastKnownFileType</key>
			<string>image.png</string>
			<key>path</key>
			<string>ic_normal_yes_pressed.png</string>
			<key>sourceTree</key>
			<string>&lt;group&gt;</string>
		</dict>
		<key>A437F4371CAC2862005823FE</key>
		<dict>
			<key>isa</key>
			<string>PBXFileReference</string>
			<key>lastKnownFileType</key>
			<string>image.png</string>
			<key>path</key>
			<string>ic_normal_no.png</string>
			<key>sourceTree</key>
			<string>&lt;group&gt;</string>
		</dict>
		<key>A437F4381CAC2862005823FE</key>
		<dict>
			<key>isa</key>
			<string>PBXFileReference</string>
			<key>lastKnownFileType</key>
			<string>image.png</string>
			<key>path</key>
			<string>ic_normal_yes.png</string>
			<key>sourceTree</key>
			<string>&lt;group&gt;</string>
		</dict>
		<key>A437F4391CAC2862005823FE</key>
		<dict>
			<key>fileRef</key>
			<string>A437F4331CAC2862005823FE</string>
			<key>isa</key>
			<string>PBXBuildFile</string>
		</dict>
		<key>A437F43A1CAC2862005823FE</key>
		<dict>
			<key>fileRef</key>
			<string>A437F4341CAC2862005823FE</string>
			<key>isa</key>
			<string>PBXBuildFile</string>
		</dict>
		<key>A437F43B1CAC2862005823FE</key>
		<dict>
			<key>fileRef</key>
			<string>A437F4351CAC2862005823FE</string>
			<key>isa</key>
			<string>PBXBuildFile</string>
		</dict>
		<key>A437F43C1CAC2862005823FE</key>
		<dict>
			<key>fileRef</key>
			<string>A437F4361CAC2862005823FE</string>
			<key>isa</key>
			<string>PBXBuildFile</string>
		</dict>
		<key>A437F43D1CAC2862005823FE</key>
		<dict>
			<key>fileRef</key>
			<string>A437F4371CAC2862005823FE</string>
			<key>isa</key>
			<string>PBXBuildFile</string>
		</dict>
		<key>A437F43E1CAC2862005823FE</key>
		<dict>
			<key>fileRef</key>
			<string>A437F4381CAC2862005823FE</string>
			<key>isa</key>
			<string>PBXBuildFile</string>
		</dict>
		<key>A437F4421CAD86E4005823FE</key>
		<dict>
			<key>children</key>
			<array>
				<string>A437F4431CAD86FD005823FE</string>
				<string>A437F4441CAD86FD005823FE</string>
				<string>A437F4451CAD86FE005823FE</string>
				<string>A437F4461CAD86FE005823FE</string>
			</array>
			<key>isa</key>
			<string>PBXGroup</string>
			<key>name</key>
			<string>animatinos</string>
			<key>path</key>
			<string>..</string>
			<key>sourceTree</key>
			<string>&lt;group&gt;</string>
		</dict>
		<key>A437F4431CAD86FD005823FE</key>
		<dict>
			<key>isa</key>
			<string>PBXFileReference</string>
			<key>lastKnownFileType</key>
			<string>image.png</string>
			<key>name</key>
			<string>gif1.png</string>
			<key>path</key>
			<string>tutorial images/animations/gif1.png</string>
			<key>sourceTree</key>
			<string>&lt;group&gt;</string>
		</dict>
		<key>A437F4441CAD86FD005823FE</key>
		<dict>
			<key>isa</key>
			<string>PBXFileReference</string>
			<key>lastKnownFileType</key>
			<string>image.gif</string>
			<key>name</key>
			<string>gif2.gif</string>
			<key>path</key>
			<string>tutorial images/animations/gif2.gif</string>
			<key>sourceTree</key>
			<string>&lt;group&gt;</string>
		</dict>
		<key>A437F4451CAD86FE005823FE</key>
		<dict>
			<key>isa</key>
			<string>PBXFileReference</string>
			<key>lastKnownFileType</key>
			<string>image.gif</string>
			<key>name</key>
			<string>gif3.gif</string>
			<key>path</key>
			<string>tutorial images/animations/gif3.gif</string>
			<key>sourceTree</key>
			<string>&lt;group&gt;</string>
		</dict>
		<key>A437F4461CAD86FE005823FE</key>
		<dict>
			<key>isa</key>
			<string>PBXFileReference</string>
			<key>lastKnownFileType</key>
			<string>image.gif</string>
			<key>name</key>
			<string>gif4.gif</string>
			<key>path</key>
			<string>tutorial images/animations/gif4.gif</string>
			<key>sourceTree</key>
			<string>&lt;group&gt;</string>
		</dict>
		<key>A437F4471CAD86FE005823FE</key>
		<dict>
			<key>fileRef</key>
			<string>A437F4431CAD86FD005823FE</string>
			<key>isa</key>
			<string>PBXBuildFile</string>
		</dict>
		<key>A437F4481CAD86FE005823FE</key>
		<dict>
			<key>fileRef</key>
			<string>A437F4441CAD86FD005823FE</string>
			<key>isa</key>
			<string>PBXBuildFile</string>
		</dict>
		<key>A437F4491CAD86FE005823FE</key>
		<dict>
			<key>fileRef</key>
			<string>A437F4451CAD86FE005823FE</string>
			<key>isa</key>
			<string>PBXBuildFile</string>
		</dict>
		<key>A437F44A1CAD86FE005823FE</key>
		<dict>
			<key>fileRef</key>
			<string>A437F4461CAD86FE005823FE</string>
			<key>isa</key>
			<string>PBXBuildFile</string>
		</dict>
		<key>A437F4511CAD8BBB005823FE</key>
		<dict>
			<key>isa</key>
			<string>PBXFileReference</string>
			<key>lastKnownFileType</key>
			<string>wrapper.framework</string>
			<key>name</key>
			<string>ImageIO.framework</string>
			<key>path</key>
			<string>System/Library/Frameworks/ImageIO.framework</string>
			<key>sourceTree</key>
			<string>SDKROOT</string>
		</dict>
		<key>A437F4521CAD8BBB005823FE</key>
		<dict>
			<key>fileRef</key>
			<string>A437F4511CAD8BBB005823FE</string>
			<key>isa</key>
			<string>PBXBuildFile</string>
		</dict>
		<key>A466AAC8CA678BA52C23C6BD</key>
		<dict>
			<key>includeInIndex</key>
			<string>1</string>
			<key>isa</key>
			<string>PBXFileReference</string>
			<key>lastKnownFileType</key>
			<string>text.xcconfig</string>
			<key>name</key>
			<string>Pods-OKO.release.xcconfig</string>
			<key>path</key>
			<string>Pods/Target Support Files/Pods-OKO/Pods-OKO.release.xcconfig</string>
			<key>sourceTree</key>
			<string>&lt;group&gt;</string>
		</dict>
		<key>A4B1385B1C9FF58400269FED</key>
		<dict>
			<key>fileEncoding</key>
			<string>4</string>
			<key>isa</key>
			<string>PBXFileReference</string>
			<key>lastKnownFileType</key>
			<string>sourcecode.swift</string>
			<key>path</key>
			<string>LocationTypeTableViewCell.swift</string>
			<key>sourceTree</key>
			<string>&lt;group&gt;</string>
		</dict>
		<key>A4B1385C1C9FF58400269FED</key>
		<dict>
			<key>fileRef</key>
			<string>A4B1385B1C9FF58400269FED</string>
			<key>isa</key>
			<string>PBXBuildFile</string>
		</dict>
		<key>F0B04C3FA986B79B1EA23A2B</key>
		<dict>
			<key>children</key>
			<array>
				<string>2DFAA71DC7E756D51876291A</string>
				<string>A466AAC8CA678BA52C23C6BD</string>
			</array>
			<key>isa</key>
			<string>PBXGroup</string>
			<key>name</key>
			<string>Pods</string>
			<key>sourceTree</key>
			<string>&lt;group&gt;</string>
		</dict>
		<key>FFFB06D87B7AB4AAF080FD62</key>
		<dict>
			<key>explicitFileType</key>
			<string>wrapper.framework</string>
			<key>includeInIndex</key>
			<string>0</string>
			<key>isa</key>
			<string>PBXFileReference</string>
			<key>path</key>
			<string>Pods_OKO.framework</string>
			<key>sourceTree</key>
			<string>BUILT_PRODUCTS_DIR</string>
		</dict>
	</dict>
	<key>rootObject</key>
	<string>070090F01B7F356D00D5041C</string>
</dict>
</plist>
